{
  "version": 4,
  "terraform_version": "1.6.6",
  "serial": 26,
  "lineage": "8366f1c6-7ae6-eee9-026f-3db5e3e9c3b7",
  "outputs": {
    "api_invoke_url": {
      "value": "https://lhn47yelhe.execute-api.us-east-1.amazonaws.com/prod/generate",
      "type": "string"
    },
    "app_config_application_id": {
      "value": "ssx6rq8",
      "type": "string"
    },
    "app_config_configuration_profile_id": {
      "value": "f2x2hkl",
      "type": "string"
    },
    "app_config_environment_id": {
      "value": "edyur5v",
      "type": "string"
    },
    "lambda_function_arn": {
      "value": "arn:aws:lambda:us-east-1:284244381060:function:AIAssistantLambda",
      "type": "string"
    },
    "lambda_function_name": {
      "value": "AIAssistantLambda",
      "type": "string"
    }
  },
  "resources": [
    {
      "mode": "data",
      "type": "archive_file",
      "name": "lambda_zip",
      "provider": "provider[\"registry.terraform.io/hashicorp/archive\"]",
      "instances": [
        {
          "schema_version": 0,
          "attributes": {
            "exclude_symlink_directories": null,
            "excludes": null,
            "id": "3665dcf932d25ece7d7ff28bac6cf9f2540e7253",
            "output_base64sha256": "KudYCB3ZuwSfZfCM1kf6uN+WmRvmLcXdgY1+OyZcjr0=",
            "output_base64sha512": "4jXPhuXbNHBUBAM8tt3oXMgvtHXx3CG/b87fAx2aPqy/V1Is8744Gwe3Zy4UG+axEZ/sTtTYbQ8PuzULdQfHJg==",
            "output_file_mode": null,
            "output_md5": "09e755acd4929e73d0ad9aed6f2a7901",
            "output_path": "./../app/model_selector.zip",
            "output_sha": "3665dcf932d25ece7d7ff28bac6cf9f2540e7253",
            "output_sha256": "2ae758081dd9bb049f65f08cd647fab8df96991be62dc5dd818d7e3b265c8ebd",
            "output_sha512": "e235cf86e5db34705404033cb6dde85cc82fb475f1dc21bf6fcedf031d9a3eacbf57522cf3be381b07b7672e141be6b1119fec4ed4d86d0f0fbb350b7507c726",
            "output_size": 1368,
            "source": [],
            "source_content": null,
            "source_content_filename": null,
            "source_dir": null,
            "source_file": "./../app/model_selector.py",
            "type": "zip"
          },
          "sensitive_attributes": []
        }
      ]
    },
    {
      "mode": "data",
      "type": "aws_caller_identity",
      "name": "current",
      "provider": "provider[\"registry.terraform.io/hashicorp/aws\"]",
      "instances": [
        {
          "schema_version": 0,
          "attributes": {
            "account_id": "284244381060",
            "arn": "arn:aws:iam::284244381060:user/bedrock",
            "id": "284244381060",
            "user_id": "AIDAUELSJBWCL6HP7WDN3"
          },
          "sensitive_attributes": []
        }
      ]
    },
    {
      "mode": "data",
      "type": "aws_region",
      "name": "current",
      "provider": "provider[\"registry.terraform.io/hashicorp/aws\"]",
      "instances": [
        {
          "schema_version": 0,
          "attributes": {
            "description": "US East (N. Virginia)",
            "endpoint": "ec2.us-east-1.amazonaws.com",
            "id": "us-east-1",
            "name": "us-east-1"
          },
          "sensitive_attributes": []
        }
      ]
    },
    {
      "mode": "managed",
      "type": "aws_api_gateway_deployment",
      "name": "api_deployment",
      "provider": "provider[\"registry.terraform.io/hashicorp/aws\"]",
      "instances": [
        {
          "schema_version": 0,
          "attributes": {
            "canary_settings": [],
            "created_date": "2025-12-03T02:53:03Z",
            "description": "",
            "execution_arn": "arn:aws:execute-api:us-east-1:284244381060:lhn47yelhe/",
            "id": "4s22qd",
            "invoke_url": "https://lhn47yelhe.execute-api.us-east-1.amazonaws.com/",
            "rest_api_id": "lhn47yelhe",
            "stage_description": null,
            "stage_name": null,
            "triggers": {
              "redeployment": "5c6195680489e943fd3b8ced6bde3562277fd5eb"
            },
            "variables": null
          },
          "sensitive_attributes": [],
          "private": "bnVsbA==",
          "dependencies": [
            "aws_api_gateway_integration.lambda_integration",
            "aws_api_gateway_method.post_generate",
            "aws_api_gateway_resource.generate",
            "aws_api_gateway_rest_api.ai_assistant_api",
            "aws_appconfig_application.ai_assistant_app",
            "aws_appconfig_configuration_profile.model_selection_strategy",
            "aws_appconfig_environment.production",
            "aws_iam_role.lambda_role",
            "aws_lambda_function.ai_assistant_lambda",
            "data.archive_file.lambda_zip"
          ],
          "create_before_destroy": true
        }
      ]
    },
    {
      "mode": "managed",
      "type": "aws_api_gateway_integration",
      "name": "lambda_integration",
      "provider": "provider[\"registry.terraform.io/hashicorp/aws\"]",
      "instances": [
        {
          "schema_version": 0,
          "attributes": {
            "cache_key_parameters": null,
            "cache_namespace": "0hktmu",
            "connection_id": "",
            "connection_type": "INTERNET",
            "content_handling": "",
            "credentials": "",
            "http_method": "POST",
            "id": "agi-lhn47yelhe-0hktmu-POST",
            "integration_http_method": "POST",
            "passthrough_behavior": "WHEN_NO_MATCH",
            "request_parameters": null,
            "request_templates": null,
            "resource_id": "0hktmu",
            "rest_api_id": "lhn47yelhe",
            "timeout_milliseconds": 29000,
            "tls_config": [],
            "type": "AWS_PROXY",
            "uri": "arn:aws:apigateway:us-east-1:lambda:path/2015-03-31/functions/arn:aws:lambda:us-east-1:284244381060:function:AIAssistantLambda/invocations"
          },
          "sensitive_attributes": [],
          "private": "bnVsbA==",
          "dependencies": [
            "aws_api_gateway_method.post_generate",
            "aws_api_gateway_resource.generate",
            "aws_api_gateway_rest_api.ai_assistant_api",
            "aws_appconfig_application.ai_assistant_app",
            "aws_appconfig_configuration_profile.model_selection_strategy",
            "aws_appconfig_environment.production",
            "aws_iam_role.lambda_role",
            "aws_lambda_function.ai_assistant_lambda",
            "data.archive_file.lambda_zip"
          ],
          "create_before_destroy": true
        }
      ]
    },
    {
      "mode": "managed",
      "type": "aws_api_gateway_method",
      "name": "post_generate",
      "provider": "provider[\"registry.terraform.io/hashicorp/aws\"]",
      "instances": [
        {
          "schema_version": 0,
          "attributes": {
            "api_key_required": false,
            "authorization": "NONE",
            "authorization_scopes": null,
            "authorizer_id": null,
            "http_method": "POST",
            "id": "agm-lhn47yelhe-0hktmu-POST",
            "operation_name": null,
            "request_models": null,
            "request_parameters": null,
            "request_validator_id": null,
            "resource_id": "0hktmu",
            "rest_api_id": "lhn47yelhe"
          },
          "sensitive_attributes": [],
          "private": "bnVsbA==",
          "dependencies": [
            "aws_api_gateway_resource.generate",
            "aws_api_gateway_rest_api.ai_assistant_api"
          ],
          "create_before_destroy": true
        }
      ]
    },
    {
      "mode": "managed",
      "type": "aws_api_gateway_resource",
      "name": "generate",
      "provider": "provider[\"registry.terraform.io/hashicorp/aws\"]",
      "instances": [
        {
          "schema_version": 0,
          "attributes": {
            "id": "0hktmu",
            "parent_id": "gchuhds680",
            "path": "/generate",
            "path_part": "generate",
            "rest_api_id": "lhn47yelhe"
          },
          "sensitive_attributes": [],
          "private": "bnVsbA==",
          "dependencies": [
            "aws_api_gateway_rest_api.ai_assistant_api"
          ],
          "create_before_destroy": true
        }
      ]
    },
    {
      "mode": "managed",
      "type": "aws_api_gateway_rest_api",
      "name": "ai_assistant_api",
      "provider": "provider[\"registry.terraform.io/hashicorp/aws\"]",
      "instances": [
        {
          "schema_version": 0,
          "attributes": {
            "api_key_source": "HEADER",
            "arn": "arn:aws:apigateway:us-east-1::/restapis/lhn47yelhe",
            "binary_media_types": [],
            "body": null,
            "created_date": "2025-12-03T02:52:48Z",
            "description": "API for AI Assistant",
            "disable_execute_api_endpoint": false,
            "endpoint_configuration": [
              {
                "ip_address_type": "ipv4",
                "types": [
                  "EDGE"
                ],
                "vpc_endpoint_ids": []
              }
            ],
            "execution_arn": "arn:aws:execute-api:us-east-1:284244381060:lhn47yelhe",
            "fail_on_warnings": null,
            "id": "lhn47yelhe",
            "minimum_compression_size": "",
            "name": "AIAssistantAPI",
            "parameters": null,
            "policy": "",
            "put_rest_api_mode": null,
            "root_resource_id": "gchuhds680",
            "tags": null,
            "tags_all": {}
          },
          "sensitive_attributes": [],
          "private": "bnVsbA==",
          "create_before_destroy": true
        }
      ]
    },
    {
      "mode": "managed",
      "type": "aws_api_gateway_stage",
      "name": "prod",
      "provider": "provider[\"registry.terraform.io/hashicorp/aws\"]",
      "instances": [
        {
          "schema_version": 0,
          "attributes": {
            "access_log_settings": [],
            "arn": "arn:aws:apigateway:us-east-1::/restapis/lhn47yelhe/stages/prod",
            "cache_cluster_enabled": false,
            "cache_cluster_size": "",
            "canary_settings": [],
            "client_certificate_id": "",
            "deployment_id": "4s22qd",
            "description": "",
            "documentation_version": "",
            "execution_arn": "arn:aws:execute-api:us-east-1:284244381060:lhn47yelhe/prod",
            "id": "ags-lhn47yelhe-prod",
            "invoke_url": "https://lhn47yelhe.execute-api.us-east-1.amazonaws.com/prod",
            "rest_api_id": "lhn47yelhe",
            "stage_name": "prod",
            "tags": null,
            "tags_all": {},
            "variables": null,
            "web_acl_arn": "",
            "xray_tracing_enabled": false
          },
          "sensitive_attributes": [],
          "private": "bnVsbA==",
          "dependencies": [
            "aws_api_gateway_deployment.api_deployment",
            "aws_api_gateway_integration.lambda_integration",
            "aws_api_gateway_method.post_generate",
            "aws_api_gateway_resource.generate",
            "aws_api_gateway_rest_api.ai_assistant_api",
            "aws_appconfig_application.ai_assistant_app",
            "aws_appconfig_configuration_profile.model_selection_strategy",
            "aws_appconfig_environment.production",
            "aws_iam_role.lambda_role",
            "aws_lambda_function.ai_assistant_lambda",
            "data.archive_file.lambda_zip"
          ]
        }
      ]
    },
    {
      "mode": "managed",
      "type": "aws_appconfig_application",
      "name": "ai_assistant_app",
      "provider": "provider[\"registry.terraform.io/hashicorp/aws\"]",
      "instances": [
        {
          "schema_version": 0,
          "attributes": {
            "arn": "arn:aws:appconfig:us-east-1:284244381060:application/ssx6rq8",
            "description": "AI Assistant Application for Dynamic Routing",
            "id": "ssx6rq8",
            "name": "AIAssistantApp",
            "tags": {},
            "tags_all": {}
          },
          "sensitive_attributes": [],
          "private": "bnVsbA==",
          "create_before_destroy": true
        }
      ]
    },
    {
      "mode": "managed",
      "type": "aws_appconfig_configuration_profile",
      "name": "model_selection_strategy",
      "provider": "provider[\"registry.terraform.io/hashicorp/aws\"]",
      "instances": [
        {
          "schema_version": 0,
          "attributes": {
            "application_id": "ssx6rq8",
            "arn": "arn:aws:appconfig:us-east-1:284244381060:application/ssx6rq8/configurationprofile/f2x2hkl",
            "configuration_profile_id": "f2x2hkl",
            "description": "Model Selection Strategy Profile",
            "id": "f2x2hkl:ssx6rq8",
            "kms_key_identifier": "",
            "location_uri": "hosted",
            "name": "ModelSelectionStrategy",
            "retrieval_role_arn": "",
            "tags": {},
            "tags_all": {},
            "type": "AWS.Freeform",
            "validator": []
          },
          "sensitive_attributes": [],
          "private": "bnVsbA==",
          "dependencies": [
            "aws_appconfig_application.ai_assistant_app"
          ],
          "create_before_destroy": true
        }
      ]
    },
    {
      "mode": "managed",
      "type": "aws_appconfig_deployment",
      "name": "initial_deployment",
      "provider": "provider[\"registry.terraform.io/hashicorp/aws\"]",
      "instances": [
        {
          "schema_version": 0,
          "attributes": {
            "application_id": "ssx6rq8",
            "arn": "arn:aws:appconfig:us-east-1:284244381060:application/ssx6rq8/environment/edyur5v/deployment/1",
            "configuration_profile_id": "f2x2hkl",
            "configuration_version": "1",
            "deployment_number": 1,
            "deployment_strategy_id": "AppConfig.AllAtOnce",
            "description": "Initial deployment of model selection strategy",
            "environment_id": "edyur5v",
            "id": "ssx6rq8/edyur5v/1",
            "kms_key_arn": "",
            "kms_key_identifier": "",
            "state": "COMPLETE",
            "tags": {},
            "tags_all": {}
          },
          "sensitive_attributes": [],
          "private": "bnVsbA==",
          "dependencies": [
            "aws_appconfig_application.ai_assistant_app",
            "aws_appconfig_configuration_profile.model_selection_strategy",
            "aws_appconfig_environment.production",
            "aws_appconfig_hosted_configuration_version.v1"
          ]
        }
      ]
    },
    {
      "mode": "managed",
      "type": "aws_appconfig_environment",
      "name": "production",
      "provider": "provider[\"registry.terraform.io/hashicorp/aws\"]",
      "instances": [
        {
          "schema_version": 0,
          "attributes": {
            "application_id": "ssx6rq8",
            "arn": "arn:aws:appconfig:us-east-1:284244381060:application/ssx6rq8/environment/edyur5v",
            "description": "",
            "environment_id": "edyur5v",
            "id": "edyur5v:ssx6rq8",
            "monitor": [],
            "name": "Production",
            "state": "ReadyForDeployment",
            "tags": null,
            "tags_all": {}
          },
          "sensitive_attributes": [],
          "dependencies": [
            "aws_appconfig_application.ai_assistant_app"
          ],
          "create_before_destroy": true
        }
      ]
    },
    {
      "mode": "managed",
      "type": "aws_appconfig_hosted_configuration_version",
      "name": "v1",
      "provider": "provider[\"registry.terraform.io/hashicorp/aws\"]",
      "instances": [
        {
          "schema_version": 0,
          "attributes": {
            "application_id": "ssx6rq8",
            "arn": "arn:aws:appconfig:us-east-1:284244381060:application/ssx6rq8/configurationprofile/f2x2hkl/hostedconfigurationversion/1",
            "configuration_profile_id": "f2x2hkl",
            "content": "{\n  \"primary_model\": \"anthropic.claude-3-sonnet-20240229-v1:0\",\n  \"fallback_models\": [\n    \"amazon.titan-text-express-v1\"\n  ],\n  \"model_scores\": [\n    {\n      \"model_id\": \"anthropic.claude-3-sonnet-20240229-v1:0\",\n      \"latency\": 10.10886287689209,\n      \"similarity_score\": 0.9,\n      \"latency_score\": 0.0,\n      \"overall_score\": 0.63\n    },\n    {\n      \"model_id\": \"amazon.titan-text-express-v1\",\n      \"latency\": 4.783066749572754,\n      \"similarity_score\": 0.5,\n      \"latency_score\": 0.5268442348242358,\n      \"overall_score\": 0.5080532704472707\n    }\n  ]\n}",
            "content_type": "application/json",
            "description": "",
            "id": "ssx6rq8/f2x2hkl/1",
            "version_number": 1
          },
          "sensitive_attributes": [],
          "private": "bnVsbA==",
          "dependencies": [
            "aws_appconfig_application.ai_assistant_app",
            "aws_appconfig_configuration_profile.model_selection_strategy"
          ]
        }
      ]
    },
    {
      "mode": "managed",
      "type": "aws_dynamodb_table",
      "name": "tf_lock_table",
      "provider": "provider[\"registry.terraform.io/hashicorp/aws\"]",
      "instances": [
        {
          "schema_version": 1,
          "attributes": {
            "arn": "arn:aws:dynamodb:us-east-1:284244381060:table/ai-assistant-tf-lock",
            "attribute": [
              {
                "name": "LockID",
                "type": "S"
              }
            ],
            "billing_mode": "PAY_PER_REQUEST",
            "deletion_protection_enabled": false,
            "global_secondary_index": [],
            "hash_key": "LockID",
            "id": "ai-assistant-tf-lock",
            "import_table": [],
            "local_secondary_index": [],
            "name": "ai-assistant-tf-lock",
            "on_demand_throughput": [],
            "point_in_time_recovery": [
              {
                "enabled": false,
                "recovery_period_in_days": 0
              }
            ],
            "range_key": null,
            "read_capacity": 0,
            "replica": [],
            "restore_date_time": null,
            "restore_source_name": null,
            "restore_source_table_arn": null,
            "restore_to_latest_time": null,
            "server_side_encryption": [],
            "stream_arn": "",
            "stream_enabled": false,
            "stream_label": "",
            "stream_view_type": "",
            "table_class": "STANDARD",
            "tags": {
              "Project": "ai-assistant",
              "Terraform": "true"
            },
            "tags_all": {
              "Project": "ai-assistant",
              "Terraform": "true"
            },
            "timeouts": null,
            "ttl": [
              {
                "attribute_name": "",
                "enabled": false
              }
            ],
            "write_capacity": 0
          },
          "sensitive_attributes": [],
          "private": "eyJlMmJmYjczMC1lY2FhLTExZTYtOGY4OC0zNDM2M2JjN2M0YzAiOnsiY3JlYXRlIjoxODAwMDAwMDAwMDAwLCJkZWxldGUiOjYwMDAwMDAwMDAwMCwidXBkYXRlIjozNjAwMDAwMDAwMDAwfSwic2NoZW1hX3ZlcnNpb24iOiIxIn0="
        }
      ]
    },
    {
      "mode": "managed",
      "type": "aws_iam_policy",
      "name": "lambda_policy",
      "provider": "provider[\"registry.terraform.io/hashicorp/aws\"]",
      "instances": [
        {
          "schema_version": 0,
          "attributes": {
            "arn": "arn:aws:iam::284244381060:policy/ai_assistant_lambda_policy",
            "attachment_count": 0,
            "description": "Policy for AI Assistant Lambda to access Bedrock and AppConfig",
            "id": "arn:aws:iam::284244381060:policy/ai_assistant_lambda_policy",
            "name": "ai_assistant_lambda_policy",
            "name_prefix": "",
            "path": "/",
            "policy": "{\"Statement\":[{\"Action\":[\"logs:CreateLogGroup\",\"logs:CreateLogStream\",\"logs:PutLogEvents\"],\"Effect\":\"Allow\",\"Resource\":\"arn:aws:logs:*:*:*\"},{\"Action\":[\"bedrock:InvokeModel\"],\"Effect\":\"Allow\",\"Resource\":\"*\"},{\"Action\":[\"appconfig:GetConfiguration\",\"appconfig:GetLatestConfiguration\",\"appconfig:StartConfigurationSession\"],\"Effect\":\"Allow\",\"Resource\":\"*\"}],\"Version\":\"2012-10-17\"}",
            "policy_id": "ANPAUELSJBWCJPT4FMN2A",
            "tags": null,
            "tags_all": {}
          },
          "sensitive_attributes": [],
          "private": "bnVsbA=="
        }
      ]
    },
    {
      "mode": "managed",
      "type": "aws_iam_role",
      "name": "lambda_role",
      "provider": "provider[\"registry.terraform.io/hashicorp/aws\"]",
      "instances": [
        {
          "schema_version": 0,
          "attributes": {
            "arn": "arn:aws:iam::284244381060:role/ai_assistant_lambda_role",
            "assume_role_policy": "{\"Statement\":[{\"Action\":\"sts:AssumeRole\",\"Effect\":\"Allow\",\"Principal\":{\"Service\":\"lambda.amazonaws.com\"}}],\"Version\":\"2012-10-17\"}",
            "create_date": "2025-12-03T02:52:48Z",
            "description": "",
            "force_detach_policies": false,
            "id": "ai_assistant_lambda_role",
            "inline_policy": [],
            "managed_policy_arns": [],
            "max_session_duration": 3600,
            "name": "ai_assistant_lambda_role",
            "name_prefix": "",
            "path": "/",
            "permissions_boundary": "",
            "tags": null,
            "tags_all": {},
            "unique_id": "AROAUELSJBWCCSHE6XMS2"
          },
          "sensitive_attributes": [],
          "private": "bnVsbA==",
          "create_before_destroy": true
        }
      ]
    },
    {
      "mode": "managed",
      "type": "aws_iam_role_policy_attachment",
      "name": "lambda_policy_attach",
      "provider": "provider[\"registry.terraform.io/hashicorp/aws\"]",
      "instances": [
        {
          "schema_version": 0,
          "attributes": {
            "id": "ai_assistant_lambda_role-20251203025248889200000001",
            "policy_arn": "arn:aws:iam::284244381060:policy/ai_assistant_lambda_policy",
            "role": "ai_assistant_lambda_role"
          },
          "sensitive_attributes": [],
          "private": "bnVsbA==",
          "dependencies": [
            "aws_iam_policy.lambda_policy",
            "aws_iam_role.lambda_role"
          ]
        }
      ]
    },
    {
      "mode": "managed",
      "type": "aws_lambda_function",
      "name": "ai_assistant_lambda",
      "provider": "provider[\"registry.terraform.io/hashicorp/aws\"]",
      "instances": [
        {
          "schema_version": 0,
          "attributes": {
            "architectures": [
              "x86_64"
            ],
            "arn": "arn:aws:lambda:us-east-1:284244381060:function:AIAssistantLambda",
            "code_sha256": "KudYCB3ZuwSfZfCM1kf6uN+WmRvmLcXdgY1+OyZcjr0=",
            "code_signing_config_arn": "",
            "dead_letter_config": [],
            "description": "",
            "environment": [
              {
                "variables": {
                  "APPCONFIG_APPLICATION": "AIAssistantApp",
                  "APPCONFIG_ENVIRONMENT": "Production",
                  "APPCONFIG_PROFILE": "ModelSelectionStrategy"
                }
              }
            ],
            "ephemeral_storage": [
              {
                "size": 512
              }
            ],
            "file_system_config": [],
            "filename": "./../app/model_selector.zip",
            "function_name": "AIAssistantLambda",
            "handler": "model_selector.lambda_handler",
            "id": "AIAssistantLambda",
            "image_config": [],
            "image_uri": "",
            "invoke_arn": "arn:aws:apigateway:us-east-1:lambda:path/2015-03-31/functions/arn:aws:lambda:us-east-1:284244381060:function:AIAssistantLambda/invocations",
            "kms_key_arn": "",
            "last_modified": "2025-12-03T02:52:57.707+0000",
            "layers": null,
            "logging_config": [
              {
                "application_log_level": "",
                "log_format": "Text",
                "log_group": "/aws/lambda/AIAssistantLambda",
                "system_log_level": ""
              }
            ],
            "memory_size": 128,
            "package_type": "Zip",
            "publish": false,
            "qualified_arn": "arn:aws:lambda:us-east-1:284244381060:function:AIAssistantLambda:$LATEST",
            "qualified_invoke_arn": "arn:aws:apigateway:us-east-1:lambda:path/2015-03-31/functions/arn:aws:lambda:us-east-1:284244381060:function:AIAssistantLambda:$LATEST/invocations",
            "replace_security_groups_on_destroy": null,
            "replacement_security_group_ids": null,
            "reserved_concurrent_executions": -1,
            "role": "arn:aws:iam::284244381060:role/ai_assistant_lambda_role",
            "runtime": "python3.11",
            "s3_bucket": null,
            "s3_key": null,
            "s3_object_version": null,
            "signing_job_arn": "",
            "signing_profile_version_arn": "",
            "skip_destroy": false,
            "snap_start": [],
            "source_code_hash": "KudYCB3ZuwSfZfCM1kf6uN+WmRvmLcXdgY1+OyZcjr0=",
            "source_code_size": 1368,
            "tags": null,
            "tags_all": {},
            "timeout": 30,
            "timeouts": null,
            "tracing_config": [
              {
                "mode": "PassThrough"
              }
            ],
            "version": "$LATEST",
            "vpc_config": []
          },
          "sensitive_attributes": [],
          "private": "eyJlMmJmYjczMC1lY2FhLTExZTYtOGY4OC0zNDM2M2JjN2M0YzAiOnsiY3JlYXRlIjo2MDAwMDAwMDAwMDAsImRlbGV0ZSI6NjAwMDAwMDAwMDAwLCJ1cGRhdGUiOjYwMDAwMDAwMDAwMH19",
          "dependencies": [
            "aws_appconfig_application.ai_assistant_app",
            "aws_appconfig_configuration_profile.model_selection_strategy",
            "aws_appconfig_environment.production",
            "aws_iam_role.lambda_role",
            "data.archive_file.lambda_zip"
          ],
          "create_before_destroy": true
        }
      ]
    },
    {
      "mode": "managed",
      "type": "aws_lambda_permission",
      "name": "api_gateway",
      "provider": "provider[\"registry.terraform.io/hashicorp/aws\"]",
      "instances": [
        {
          "schema_version": 0,
          "attributes": {
            "action": "lambda:InvokeFunction",
            "event_source_token": null,
            "function_name": "AIAssistantLambda",
            "function_url_auth_type": null,
            "id": "AllowAPIGatewayInvoke",
            "principal": "apigateway.amazonaws.com",
            "principal_org_id": null,
            "qualifier": "",
            "source_account": null,
            "source_arn": "arn:aws:execute-api:us-east-1:284244381060:lhn47yelhe/prod/POST/generate",
            "statement_id": "AllowAPIGatewayInvoke",
            "statement_id_prefix": ""
          },
          "sensitive_attributes": [],
          "private": "bnVsbA==",
          "dependencies": [
            "aws_api_gateway_rest_api.ai_assistant_api",
            "aws_appconfig_application.ai_assistant_app",
            "aws_appconfig_configuration_profile.model_selection_strategy",
            "aws_appconfig_environment.production",
            "aws_iam_role.lambda_role",
            "aws_lambda_function.ai_assistant_lambda",
            "data.archive_file.lambda_zip"
          ]
        }
      ]
    },
    {
      "mode": "managed",
      "type": "aws_s3_bucket",
      "name": "tf_state",
      "provider": "provider[\"registry.terraform.io/hashicorp/aws\"]",
      "instances": [
        {
          "schema_version": 0,
          "attributes": {
            "acceleration_status": "",
            "acl": null,
            "arn": "arn:aws:s3:::ai-assistant-tf-state-123456",
            "bucket": "ai-assistant-tf-state-123456",
            "bucket_domain_name": "ai-assistant-tf-state-123456.s3.amazonaws.com",
            "bucket_prefix": "",
            "bucket_regional_domain_name": "ai-assistant-tf-state-123456.s3.us-east-1.amazonaws.com",
            "cors_rule": [],
            "force_destroy": true,
            "grant": [
              {
                "id": "0f3a99987b84a8387e6cfe6005fce97bcd4fbaa785e0302e23ace4cba3011d7f",
                "permissions": [
                  "FULL_CONTROL"
                ],
                "type": "CanonicalUser",
                "uri": ""
              }
            ],
            "hosted_zone_id": "Z3AQBSTGFYJSTF",
            "id": "ai-assistant-tf-state-123456",
            "lifecycle_rule": [],
            "logging": [],
            "object_lock_configuration": [],
            "object_lock_enabled": false,
            "policy": "",
            "region": "us-east-1",
            "replication_configuration": [],
            "request_payer": "BucketOwner",
            "server_side_encryption_configuration": [
              {
                "rule": [
                  {
                    "apply_server_side_encryption_by_default": [
                      {
                        "kms_master_key_id": "",
                        "sse_algorithm": "AES256"
                      }
                    ],
                    "bucket_key_enabled": true
                  }
                ]
              }
            ],
            "tags": {
              "Project": "ai-assistant",
              "Terraform": "true"
            },
            "tags_all": {
              "Project": "ai-assistant",
              "Terraform": "true"
            },
            "timeouts": null,
            "versioning": [
              {
                "enabled": true,
                "mfa_delete": false
              }
            ],
            "website": [],
            "website_domain": null,
            "website_endpoint": null
          },
          "sensitive_attributes": [],
          "private": "eyJlMmJmYjczMC1lY2FhLTExZTYtOGY4OC0zNDM2M2JjN2M0YzAiOnsiY3JlYXRlIjoxMjAwMDAwMDAwMDAwLCJkZWxldGUiOjM2MDAwMDAwMDAwMDAsInJlYWQiOjEyMDAwMDAwMDAwMDAsInVwZGF0ZSI6MTIwMDAwMDAwMDAwMH19"
        }
      ]
    },
    {
      "mode": "managed",
      "type": "aws_s3_bucket_ownership_controls",
      "name": "tf_state",
      "provider": "provider[\"registry.terraform.io/hashicorp/aws\"]",
      "instances": [
        {
          "schema_version": 0,
          "attributes": {
            "bucket": "ai-assistant-tf-state-123456",
            "id": "ai-assistant-tf-state-123456",
            "rule": [
              {
                "object_ownership": "BucketOwnerEnforced"
              }
            ]
          },
          "sensitive_attributes": [],
          "private": "bnVsbA==",
          "dependencies": [
            "aws_s3_bucket.tf_state"
          ]
        }
      ]
    },
    {
      "mode": "managed",
      "type": "aws_s3_bucket_public_access_block",
      "name": "tf_state",
      "provider": "provider[\"registry.terraform.io/hashicorp/aws\"]",
      "instances": [
        {
          "schema_version": 0,
          "attributes": {
            "block_public_acls": true,
            "block_public_policy": true,
            "bucket": "ai-assistant-tf-state-123456",
            "id": "ai-assistant-tf-state-123456",
            "ignore_public_acls": true,
            "restrict_public_buckets": true
          },
          "sensitive_attributes": [],
          "private": "bnVsbA==",
          "dependencies": [
            "aws_s3_bucket.tf_state"
          ]
        }
      ]
    },
    {
      "mode": "managed",
      "type": "aws_s3_bucket_server_side_encryption_configuration",
      "name": "tf_state",
      "provider": "provider[\"registry.terraform.io/hashicorp/aws\"]",
      "instances": [
        {
          "schema_version": 0,
          "attributes": {
            "bucket": "ai-assistant-tf-state-123456",
            "expected_bucket_owner": "",
            "id": "ai-assistant-tf-state-123456",
            "rule": [
              {
                "apply_server_side_encryption_by_default": [
                  {
                    "kms_master_key_id": "",
                    "sse_algorithm": "AES256"
                  }
                ],
                "bucket_key_enabled": true
              }
            ]
          },
          "sensitive_attributes": [],
          "private": "bnVsbA==",
          "dependencies": [
            "aws_s3_bucket.tf_state"
          ]
        }
      ]
    },
    {
      "mode": "managed",
      "type": "aws_s3_bucket_versioning",
      "name": "tf_state",
      "provider": "provider[\"registry.terraform.io/hashicorp/aws\"]",
      "instances": [
        {
          "schema_version": 0,
          "attributes": {
            "bucket": "ai-assistant-tf-state-123456",
            "expected_bucket_owner": "",
            "id": "ai-assistant-tf-state-123456",
            "mfa": null,
            "versioning_configuration": [
              {
                "mfa_delete": "",
                "status": "Enabled"
              }
            ]
          },
          "sensitive_attributes": [],
          "private": "bnVsbA==",
          "dependencies": [
            "aws_s3_bucket.tf_state"
          ]
        }
      ]
    }
  ],
  "check_results": null
}
