{
  "version": 4,
  "terraform_version": "1.6.6",
  "serial": 77,
  "lineage": "8366f1c6-7ae6-eee9-026f-3db5e3e9c3b7",
  "outputs": {
    "api_invoke_url": {
      "value": "https://lhn47yelhe.execute-api.us-east-1.amazonaws.com/prod/generate",
      "type": "string"
    },
    "app_config_application_id": {
      "value": "ssx6rq8",
      "type": "string"
    },
    "app_config_configuration_profile_id": {
      "value": "f2x2hkl",
      "type": "string"
    },
    "app_config_environment_id": {
      "value": "edyur5v",
      "type": "string"
    },
    "degradation_lambda_function_arn": {
      "value": "arn:aws:lambda:us-east-1:284244381060:function:AIAssistantDegradationLambda",
      "type": "string"
    },
    "fallback_lambda_function_arn": {
      "value": "arn:aws:lambda:us-east-1:284244381060:function:AIAssistantFallbackLambda",
      "type": "string"
    },
    "lambda_function_arn": {
      "value": "arn:aws:lambda:us-east-1:284244381060:function:AIAssistantLambda",
      "type": "string"
    },
    "lambda_function_name": {
      "value": "AIAssistantLambda",
      "type": "string"
    },
    "step_functions_arn": {
      "value": "arn:aws:states:us-east-1:284244381060:stateMachine:AIAssistantWorkflow",
      "type": "string"
    }
  },
  "resources": [
    {
      "mode": "data",
      "type": "archive_file",
      "name": "degradation_lambda_zip",
      "provider": "provider[\"registry.terraform.io/hashicorp/archive\"]",
      "instances": [
        {
          "schema_version": 0,
          "attributes": {
            "exclude_symlink_directories": null,
            "excludes": null,
            "id": "2b609b4c2196b122843086d4131467040f55e97d",
            "output_base64sha256": "6khkM05twez+TZQVIesBj1PTpD3zaZ5oRebFAqedgZQ=",
            "output_base64sha512": "gs5DHzDO+UtM9dV8JOySvBB/yisFNMZ3ZC3ThhJ7S05AXaMa2XiOnvNp85tbhhK29UTgUY2rkZivBy0TGlHnNQ==",
            "output_file_mode": null,
            "output_md5": "2ee47d012dbd18cba1d1707fbc6136ce",
            "output_path": "./../app/degradation_handler.zip",
            "output_sha": "2b609b4c2196b122843086d4131467040f55e97d",
            "output_sha256": "ea4864334e6dc1ecfe4d941521eb018f53d3a43df3699e6845e6c502a79d8194",
            "output_sha512": "82ce431f30cef94b4cf5d57c24ec92bc107fca2b0534c677642dd386127b4b4e405da31ad9788e9ef369f39b5b8612b6f544e0518dab9198af072d131a51e735",
            "output_size": 713,
            "source": [],
            "source_content": null,
            "source_content_filename": null,
            "source_dir": null,
            "source_file": "./../app/degradation_handler.py",
            "type": "zip"
          },
          "sensitive_attributes": []
        }
      ]
    },
    {
      "mode": "data",
      "type": "archive_file",
      "name": "fallback_lambda_zip",
      "provider": "provider[\"registry.terraform.io/hashicorp/archive\"]",
      "instances": [
        {
          "schema_version": 0,
          "attributes": {
            "exclude_symlink_directories": null,
            "excludes": null,
            "id": "a21935f70977de2f40b3c74f12de4f59991d989d",
            "output_base64sha256": "X4RwMEAoTHj+4+RLVHTY/7WidVQ3PQl6o+AHlJ/7r6w=",
            "output_base64sha512": "8LkslWHxVOzLZf+VicCs7oCfWXkxLQdrHzPNHxEXw4AJotsCcNBmkM5dt54Y1TViKzAUe+S+395Uc58YeAlQsw==",
            "output_file_mode": null,
            "output_md5": "bd037b53a20fbc2287eb37fb1712d7ac",
            "output_path": "./../app/fallback_handler.zip",
            "output_sha": "a21935f70977de2f40b3c74f12de4f59991d989d",
            "output_sha256": "5f84703040284c78fee3e44b5474d8ffb5a27554373d097aa3e007949ffbafac",
            "output_sha512": "f0b92c9561f154eccb65ff9589c0acee809f5979312d076b1f33cd1f1117c38009a2db0270d06690ce5db79e18d535622b30147be4bedfde54739f18780950b3",
            "output_size": 763,
            "source": [],
            "source_content": null,
            "source_content_filename": null,
            "source_dir": null,
            "source_file": "./../app/fallback_handler.py",
            "type": "zip"
          },
          "sensitive_attributes": []
        }
      ]
    },
    {
      "mode": "data",
      "type": "archive_file",
      "name": "lambda_zip",
      "provider": "provider[\"registry.terraform.io/hashicorp/archive\"]",
      "instances": [
        {
          "schema_version": 0,
          "attributes": {
            "exclude_symlink_directories": null,
            "excludes": null,
            "id": "00a704b0dbfbba34d6931b4a74997aa38242cd4a",
            "output_base64sha256": "GVzT/PAe3KMsljIw3JPthMfLK12clSKrh48Gg7R2Se8=",
            "output_base64sha512": "aFC5CBBoUht3fKEAM9i5sVXE2exUcOtQOB6ZCSuGAkkSGjvLgw0R0KjLVCTgfNnpeOUiNI8tl4/DPq2rsxU2Qg==",
            "output_file_mode": null,
            "output_md5": "369dba826b6dfdee901522ed0653efee",
            "output_path": "./../app/model_selector.zip",
            "output_sha": "00a704b0dbfbba34d6931b4a74997aa38242cd4a",
            "output_sha256": "195cd3fcf01edca32c963230dc93ed84c7cb2b5d9c9522ab878f0683b47649ef",
            "output_sha512": "6850b9081068521b777ca10033d8b9b155c4d9ec5470eb50381e99092b860249121a3bcb830d11d0a8cb5424e07cd9e978e522348f2d978fc33eadabb3153642",
            "output_size": 1581,
            "source": [],
            "source_content": null,
            "source_content_filename": null,
            "source_dir": null,
            "source_file": "./../app/model_selector.py",
            "type": "zip"
          },
          "sensitive_attributes": []
        }
      ]
    },
    {
      "mode": "data",
      "type": "aws_caller_identity",
      "name": "current",
      "provider": "provider[\"registry.terraform.io/hashicorp/aws\"]",
      "instances": [
        {
          "schema_version": 0,
          "attributes": {
            "account_id": "284244381060",
            "arn": "arn:aws:iam::284244381060:user/bedrock",
            "id": "284244381060",
            "user_id": "AIDAUELSJBWCL6HP7WDN3"
          },
          "sensitive_attributes": []
        }
      ]
    },
    {
      "mode": "data",
      "type": "aws_region",
      "name": "current",
      "provider": "provider[\"registry.terraform.io/hashicorp/aws\"]",
      "instances": [
        {
          "schema_version": 0,
          "attributes": {
            "description": "US East (N. Virginia)",
            "endpoint": "ec2.us-east-1.amazonaws.com",
            "id": "us-east-1",
            "name": "us-east-1"
          },
          "sensitive_attributes": []
        }
      ]
    },
    {
      "mode": "managed",
      "type": "aws_api_gateway_deployment",
      "name": "api_deployment",
      "provider": "provider[\"registry.terraform.io/hashicorp/aws\"]",
      "instances": [
        {
          "schema_version": 0,
          "attributes": {
            "canary_settings": [],
            "created_date": "2025-12-03T03:33:06Z",
            "description": "",
            "execution_arn": "arn:aws:execute-api:us-east-1:284244381060:lhn47yelhe/",
            "id": "wq1ne6",
            "invoke_url": "https://lhn47yelhe.execute-api.us-east-1.amazonaws.com/",
            "rest_api_id": "lhn47yelhe",
            "stage_description": null,
            "stage_name": null,
            "triggers": {
              "redeployment": "5c6195680489e943fd3b8ced6bde3562277fd5eb"
            },
            "variables": null
          },
          "sensitive_attributes": [],
          "private": "bnVsbA==",
          "dependencies": [
            "aws_api_gateway_integration.step_functions_integration",
            "aws_api_gateway_method.post_generate",
            "aws_api_gateway_resource.generate",
            "aws_api_gateway_rest_api.ai_assistant_api",
            "aws_appconfig_application.ai_assistant_app",
            "aws_appconfig_configuration_profile.model_selection_strategy",
            "aws_appconfig_environment.production",
            "aws_cloudwatch_log_group.sfn_log_group",
            "aws_cloudwatch_log_resource_policy.sfn_logging_policy",
            "aws_iam_role.api_gateway_step_functions_role",
            "aws_iam_role.lambda_role",
            "aws_iam_role.step_functions_role",
            "aws_lambda_function.ai_assistant_lambda",
            "aws_lambda_function.degradation_lambda",
            "aws_lambda_function.fallback_lambda",
            "aws_sfn_state_machine.ai_assistant_workflow",
            "data.archive_file.degradation_lambda_zip",
            "data.archive_file.fallback_lambda_zip",
            "data.archive_file.lambda_zip",
            "data.aws_region.current"
          ],
          "create_before_destroy": true
        }
      ]
    },
    {
      "mode": "managed",
      "type": "aws_api_gateway_integration",
      "name": "step_functions_integration",
      "provider": "provider[\"registry.terraform.io/hashicorp/aws\"]",
      "instances": [
        {
          "schema_version": 0,
          "attributes": {
            "cache_key_parameters": [],
            "cache_namespace": "0hktmu",
            "connection_id": "",
            "connection_type": "INTERNET",
            "content_handling": "",
            "credentials": "arn:aws:iam::284244381060:role/api_gateway_step_functions_role",
            "http_method": "POST",
            "id": "agi-lhn47yelhe-0hktmu-POST",
            "integration_http_method": "POST",
            "passthrough_behavior": "WHEN_NO_MATCH",
            "request_parameters": {},
            "request_templates": {
              "application/json": "{\n    \"input\": \"$util.escapeJavaScript($input.json('$'))\",\n    \"stateMachineArn\": \"arn:aws:states:us-east-1:284244381060:stateMachine:AIAssistantWorkflow\"\n}\n"
            },
            "resource_id": "0hktmu",
            "rest_api_id": "lhn47yelhe",
            "timeout_milliseconds": 29000,
            "tls_config": [],
            "type": "AWS",
            "uri": "arn:aws:apigateway:us-east-1:states:action/StartSyncExecution"
          },
          "sensitive_attributes": [],
          "private": "bnVsbA==",
          "dependencies": [
            "aws_api_gateway_method.post_generate",
            "aws_api_gateway_resource.generate",
            "aws_api_gateway_rest_api.ai_assistant_api",
            "aws_appconfig_application.ai_assistant_app",
            "aws_appconfig_configuration_profile.model_selection_strategy",
            "aws_appconfig_environment.production",
            "aws_cloudwatch_log_group.sfn_log_group",
            "aws_cloudwatch_log_resource_policy.sfn_logging_policy",
            "aws_iam_role.api_gateway_step_functions_role",
            "aws_iam_role.lambda_role",
            "aws_iam_role.step_functions_role",
            "aws_lambda_function.ai_assistant_lambda",
            "aws_lambda_function.degradation_lambda",
            "aws_lambda_function.fallback_lambda",
            "aws_sfn_state_machine.ai_assistant_workflow",
            "data.archive_file.degradation_lambda_zip",
            "data.archive_file.fallback_lambda_zip",
            "data.archive_file.lambda_zip",
            "data.aws_region.current"
          ],
          "create_before_destroy": true
        }
      ]
    },
    {
      "mode": "managed",
      "type": "aws_api_gateway_integration_response",
      "name": "step_functions_integration_response",
      "provider": "provider[\"registry.terraform.io/hashicorp/aws\"]",
      "instances": [
        {
          "schema_version": 0,
          "attributes": {
            "content_handling": "",
            "http_method": "POST",
            "id": "agir-lhn47yelhe-0hktmu-POST-200",
            "resource_id": "0hktmu",
            "response_parameters": {},
            "response_templates": {
              "application/json": "#set($inputRoot = $input.path('$'))\n$inputRoot.output\n"
            },
            "rest_api_id": "lhn47yelhe",
            "selection_pattern": "",
            "status_code": "200"
          },
          "sensitive_attributes": [],
          "private": "bnVsbA==",
          "dependencies": [
            "aws_api_gateway_integration.step_functions_integration",
            "aws_api_gateway_method.post_generate",
            "aws_api_gateway_method_response.response_200",
            "aws_api_gateway_resource.generate",
            "aws_api_gateway_rest_api.ai_assistant_api",
            "aws_appconfig_application.ai_assistant_app",
            "aws_appconfig_configuration_profile.model_selection_strategy",
            "aws_appconfig_environment.production",
            "aws_cloudwatch_log_group.sfn_log_group",
            "aws_cloudwatch_log_resource_policy.sfn_logging_policy",
            "aws_iam_role.api_gateway_step_functions_role",
            "aws_iam_role.lambda_role",
            "aws_iam_role.step_functions_role",
            "aws_lambda_function.ai_assistant_lambda",
            "aws_lambda_function.degradation_lambda",
            "aws_lambda_function.fallback_lambda",
            "aws_sfn_state_machine.ai_assistant_workflow",
            "data.archive_file.degradation_lambda_zip",
            "data.archive_file.fallback_lambda_zip",
            "data.archive_file.lambda_zip",
            "data.aws_region.current"
          ]
        }
      ]
    },
    {
      "mode": "managed",
      "type": "aws_api_gateway_method",
      "name": "post_generate",
      "provider": "provider[\"registry.terraform.io/hashicorp/aws\"]",
      "instances": [
        {
          "schema_version": 0,
          "attributes": {
            "api_key_required": false,
            "authorization": "NONE",
            "authorization_scopes": [],
            "authorizer_id": "",
            "http_method": "POST",
            "id": "agm-lhn47yelhe-0hktmu-POST",
            "operation_name": "",
            "request_models": {},
            "request_parameters": {},
            "request_validator_id": "",
            "resource_id": "0hktmu",
            "rest_api_id": "lhn47yelhe"
          },
          "sensitive_attributes": [],
          "private": "bnVsbA==",
          "dependencies": [
            "aws_api_gateway_resource.generate",
            "aws_api_gateway_rest_api.ai_assistant_api"
          ],
          "create_before_destroy": true
        }
      ]
    },
    {
      "mode": "managed",
      "type": "aws_api_gateway_method_response",
      "name": "response_200",
      "provider": "provider[\"registry.terraform.io/hashicorp/aws\"]",
      "instances": [
        {
          "schema_version": 0,
          "attributes": {
            "http_method": "POST",
            "id": "agmr-lhn47yelhe-0hktmu-POST-200",
            "resource_id": "0hktmu",
            "response_models": {
              "application/json": "Empty"
            },
            "response_parameters": {},
            "rest_api_id": "lhn47yelhe",
            "status_code": "200"
          },
          "sensitive_attributes": [],
          "private": "bnVsbA==",
          "dependencies": [
            "aws_api_gateway_method.post_generate",
            "aws_api_gateway_resource.generate",
            "aws_api_gateway_rest_api.ai_assistant_api"
          ]
        }
      ]
    },
    {
      "mode": "managed",
      "type": "aws_api_gateway_resource",
      "name": "generate",
      "provider": "provider[\"registry.terraform.io/hashicorp/aws\"]",
      "instances": [
        {
          "schema_version": 0,
          "attributes": {
            "id": "0hktmu",
            "parent_id": "gchuhds680",
            "path": "/generate",
            "path_part": "generate",
            "rest_api_id": "lhn47yelhe"
          },
          "sensitive_attributes": [],
          "private": "bnVsbA==",
          "dependencies": [
            "aws_api_gateway_rest_api.ai_assistant_api"
          ],
          "create_before_destroy": true
        }
      ]
    },
    {
      "mode": "managed",
      "type": "aws_api_gateway_rest_api",
      "name": "ai_assistant_api",
      "provider": "provider[\"registry.terraform.io/hashicorp/aws\"]",
      "instances": [
        {
          "schema_version": 0,
          "attributes": {
            "api_key_source": "HEADER",
            "arn": "arn:aws:apigateway:us-east-1::/restapis/lhn47yelhe",
            "binary_media_types": [],
            "body": null,
            "created_date": "2025-12-03T02:52:48Z",
            "description": "API for AI Assistant",
            "disable_execute_api_endpoint": false,
            "endpoint_configuration": [
              {
                "ip_address_type": "ipv4",
                "types": [
                  "EDGE"
                ],
                "vpc_endpoint_ids": []
              }
            ],
            "execution_arn": "arn:aws:execute-api:us-east-1:284244381060:lhn47yelhe",
            "fail_on_warnings": null,
            "id": "lhn47yelhe",
            "minimum_compression_size": "",
            "name": "AIAssistantAPI",
            "parameters": null,
            "policy": "",
            "put_rest_api_mode": null,
            "root_resource_id": "gchuhds680",
            "tags": {},
            "tags_all": {}
          },
          "sensitive_attributes": [],
          "private": "bnVsbA==",
          "create_before_destroy": true
        }
      ]
    },
    {
      "mode": "managed",
      "type": "aws_api_gateway_stage",
      "name": "prod",
      "provider": "provider[\"registry.terraform.io/hashicorp/aws\"]",
      "instances": [
        {
          "schema_version": 0,
          "attributes": {
            "access_log_settings": [],
            "arn": "arn:aws:apigateway:us-east-1::/restapis/lhn47yelhe/stages/prod",
            "cache_cluster_enabled": false,
            "cache_cluster_size": "",
            "canary_settings": [],
            "client_certificate_id": "",
            "deployment_id": "wq1ne6",
            "description": "",
            "documentation_version": "",
            "execution_arn": "arn:aws:execute-api:us-east-1:284244381060:lhn47yelhe/prod",
            "id": "ags-lhn47yelhe-prod",
            "invoke_url": "https://lhn47yelhe.execute-api.us-east-1.amazonaws.com/prod",
            "rest_api_id": "lhn47yelhe",
            "stage_name": "prod",
            "tags": {},
            "tags_all": {},
            "variables": {},
            "web_acl_arn": "",
            "xray_tracing_enabled": false
          },
          "sensitive_attributes": [],
          "private": "bnVsbA==",
          "dependencies": [
            "aws_api_gateway_deployment.api_deployment",
            "aws_api_gateway_integration.step_functions_integration",
            "aws_api_gateway_method.post_generate",
            "aws_api_gateway_resource.generate",
            "aws_api_gateway_rest_api.ai_assistant_api",
            "aws_appconfig_application.ai_assistant_app",
            "aws_appconfig_configuration_profile.model_selection_strategy",
            "aws_appconfig_environment.production",
            "aws_cloudwatch_log_group.sfn_log_group",
            "aws_cloudwatch_log_resource_policy.sfn_logging_policy",
            "aws_iam_role.api_gateway_step_functions_role",
            "aws_iam_role.lambda_role",
            "aws_iam_role.step_functions_role",
            "aws_lambda_function.ai_assistant_lambda",
            "aws_lambda_function.degradation_lambda",
            "aws_lambda_function.fallback_lambda",
            "aws_sfn_state_machine.ai_assistant_workflow",
            "data.archive_file.degradation_lambda_zip",
            "data.archive_file.fallback_lambda_zip",
            "data.archive_file.lambda_zip",
            "data.aws_region.current"
          ]
        }
      ]
    },
    {
      "mode": "managed",
      "type": "aws_appconfig_application",
      "name": "ai_assistant_app",
      "provider": "provider[\"registry.terraform.io/hashicorp/aws\"]",
      "instances": [
        {
          "schema_version": 0,
          "attributes": {
            "arn": "arn:aws:appconfig:us-east-1:284244381060:application/ssx6rq8",
            "description": "AI Assistant Application for Dynamic Routing",
            "id": "ssx6rq8",
            "name": "AIAssistantApp",
            "tags": {},
            "tags_all": {}
          },
          "sensitive_attributes": [],
          "private": "bnVsbA==",
          "create_before_destroy": true
        }
      ]
    },
    {
      "mode": "managed",
      "type": "aws_appconfig_configuration_profile",
      "name": "model_selection_strategy",
      "provider": "provider[\"registry.terraform.io/hashicorp/aws\"]",
      "instances": [
        {
          "schema_version": 0,
          "attributes": {
            "application_id": "ssx6rq8",
            "arn": "arn:aws:appconfig:us-east-1:284244381060:application/ssx6rq8/configurationprofile/f2x2hkl",
            "configuration_profile_id": "f2x2hkl",
            "description": "Model Selection Strategy Profile",
            "id": "f2x2hkl:ssx6rq8",
            "kms_key_identifier": "",
            "location_uri": "hosted",
            "name": "ModelSelectionStrategy",
            "retrieval_role_arn": "",
            "tags": {},
            "tags_all": {},
            "type": "AWS.Freeform",
            "validator": []
          },
          "sensitive_attributes": [],
          "private": "bnVsbA==",
          "dependencies": [
            "aws_appconfig_application.ai_assistant_app"
          ],
          "create_before_destroy": true
        }
      ]
    },
    {
      "mode": "managed",
      "type": "aws_appconfig_deployment",
      "name": "initial_deployment",
      "provider": "provider[\"registry.terraform.io/hashicorp/aws\"]",
      "instances": [
        {
          "schema_version": 0,
          "attributes": {
            "application_id": "ssx6rq8",
            "arn": "arn:aws:appconfig:us-east-1:284244381060:application/ssx6rq8/environment/edyur5v/deployment/1",
            "configuration_profile_id": "f2x2hkl",
            "configuration_version": "1",
            "deployment_number": 1,
            "deployment_strategy_id": "AppConfig.AllAtOnce",
            "description": "Initial deployment of model selection strategy",
            "environment_id": "edyur5v",
            "id": "ssx6rq8/edyur5v/1",
            "kms_key_arn": "",
            "kms_key_identifier": "",
            "state": "COMPLETE",
            "tags": {},
            "tags_all": {}
          },
          "sensitive_attributes": [],
          "private": "bnVsbA==",
          "dependencies": [
            "aws_appconfig_application.ai_assistant_app",
            "aws_appconfig_configuration_profile.model_selection_strategy",
            "aws_appconfig_environment.production",
            "aws_appconfig_hosted_configuration_version.v1"
          ]
        }
      ]
    },
    {
      "mode": "managed",
      "type": "aws_appconfig_environment",
      "name": "production",
      "provider": "provider[\"registry.terraform.io/hashicorp/aws\"]",
      "instances": [
        {
          "schema_version": 0,
          "attributes": {
            "application_id": "ssx6rq8",
            "arn": "arn:aws:appconfig:us-east-1:284244381060:application/ssx6rq8/environment/edyur5v",
            "description": "",
            "environment_id": "edyur5v",
            "id": "edyur5v:ssx6rq8",
            "monitor": [],
            "name": "Production",
            "state": "ReadyForDeployment",
            "tags": null,
            "tags_all": {}
          },
          "sensitive_attributes": [],
          "dependencies": [
            "aws_appconfig_application.ai_assistant_app"
          ],
          "create_before_destroy": true
        }
      ]
    },
    {
      "mode": "managed",
      "type": "aws_appconfig_hosted_configuration_version",
      "name": "v1",
      "provider": "provider[\"registry.terraform.io/hashicorp/aws\"]",
      "instances": [
        {
          "schema_version": 0,
          "attributes": {
            "application_id": "ssx6rq8",
            "arn": "arn:aws:appconfig:us-east-1:284244381060:application/ssx6rq8/configurationprofile/f2x2hkl/hostedconfigurationversion/1",
            "configuration_profile_id": "f2x2hkl",
            "content": "{\n  \"primary_model\": \"anthropic.claude-3-sonnet-20240229-v1:0\",\n  \"fallback_models\": [\n    \"amazon.titan-text-express-v1\"\n  ],\n  \"model_scores\": [\n    {\n      \"model_id\": \"anthropic.claude-3-sonnet-20240229-v1:0\",\n      \"latency\": 10.10886287689209,\n      \"similarity_score\": 0.9,\n      \"latency_score\": 0.0,\n      \"overall_score\": 0.63\n    },\n    {\n      \"model_id\": \"amazon.titan-text-express-v1\",\n      \"latency\": 4.783066749572754,\n      \"similarity_score\": 0.5,\n      \"latency_score\": 0.5268442348242358,\n      \"overall_score\": 0.5080532704472707\n    }\n  ]\n}",
            "content_type": "application/json",
            "description": "",
            "id": "ssx6rq8/f2x2hkl/1",
            "version_number": 1
          },
          "sensitive_attributes": [],
          "private": "bnVsbA==",
          "dependencies": [
            "aws_appconfig_application.ai_assistant_app",
            "aws_appconfig_configuration_profile.model_selection_strategy"
          ]
        }
      ]
    },
    {
      "mode": "managed",
      "type": "aws_cloudwatch_log_group",
      "name": "sfn_log_group",
      "provider": "provider[\"registry.terraform.io/hashicorp/aws\"]",
      "instances": [
        {
          "schema_version": 0,
          "attributes": {
            "arn": "arn:aws:logs:us-east-1:284244381060:log-group:/aws/vendedlogs/states/AIAssistantWorkflow-Logs",
            "id": "/aws/vendedlogs/states/AIAssistantWorkflow-Logs",
            "kms_key_id": "",
            "log_group_class": "STANDARD",
            "name": "/aws/vendedlogs/states/AIAssistantWorkflow-Logs",
            "name_prefix": "",
            "retention_in_days": 7,
            "skip_destroy": false,
            "tags": {},
            "tags_all": {}
          },
          "sensitive_attributes": [],
          "private": "bnVsbA==",
          "create_before_destroy": true
        }
      ]
    },
    {
      "mode": "managed",
      "type": "aws_cloudwatch_log_resource_policy",
      "name": "sfn_logging_policy",
      "provider": "provider[\"registry.terraform.io/hashicorp/aws\"]",
      "instances": [
        {
          "schema_version": 0,
          "attributes": {
            "id": "SFNLoggingPolicy",
            "policy_document": "{\"Statement\":[{\"Action\":[\"logs:CreateLogStream\",\"logs:PutLogEvents\"],\"Effect\":\"Allow\",\"Principal\":{\"Service\":\"states.amazonaws.com\"},\"Resource\":\"arn:aws:logs:us-east-1:284244381060:log-group:/aws/vendedlogs/states/AIAssistantWorkflow-Logs:*\"}],\"Version\":\"2012-10-17\"}",
            "policy_name": "SFNLoggingPolicy"
          },
          "sensitive_attributes": [],
          "private": "bnVsbA==",
          "dependencies": [
            "aws_cloudwatch_log_group.sfn_log_group"
          ],
          "create_before_destroy": true
        }
      ]
    },
    {
      "mode": "managed",
      "type": "aws_dynamodb_table",
      "name": "tf_lock_table",
      "provider": "provider[\"registry.terraform.io/hashicorp/aws\"]",
      "instances": [
        {
          "schema_version": 1,
          "attributes": {
            "arn": "arn:aws:dynamodb:us-east-1:284244381060:table/ai-assistant-tf-lock",
            "attribute": [
              {
                "name": "LockID",
                "type": "S"
              }
            ],
            "billing_mode": "PAY_PER_REQUEST",
            "deletion_protection_enabled": false,
            "global_secondary_index": [],
            "hash_key": "LockID",
            "id": "ai-assistant-tf-lock",
            "import_table": [],
            "local_secondary_index": [],
            "name": "ai-assistant-tf-lock",
            "on_demand_throughput": [],
            "point_in_time_recovery": [
              {
                "enabled": false,
                "recovery_period_in_days": 0
              }
            ],
            "range_key": null,
            "read_capacity": 0,
            "replica": [],
            "restore_date_time": null,
            "restore_source_name": null,
            "restore_source_table_arn": null,
            "restore_to_latest_time": null,
            "server_side_encryption": [],
            "stream_arn": "",
            "stream_enabled": false,
            "stream_label": "",
            "stream_view_type": "",
            "table_class": "STANDARD",
            "tags": {
              "Project": "ai-assistant",
              "Terraform": "true"
            },
            "tags_all": {
              "Project": "ai-assistant",
              "Terraform": "true"
            },
            "timeouts": null,
            "ttl": [
              {
                "attribute_name": "",
                "enabled": false
              }
            ],
            "write_capacity": 0
          },
          "sensitive_attributes": [],
          "private": "eyJlMmJmYjczMC1lY2FhLTExZTYtOGY4OC0zNDM2M2JjN2M0YzAiOnsiY3JlYXRlIjoxODAwMDAwMDAwMDAwLCJkZWxldGUiOjYwMDAwMDAwMDAwMCwidXBkYXRlIjozNjAwMDAwMDAwMDAwfSwic2NoZW1hX3ZlcnNpb24iOiIxIn0="
        }
      ]
    },
    {
      "mode": "managed",
      "type": "aws_iam_policy",
      "name": "api_gateway_step_functions_policy",
      "provider": "provider[\"registry.terraform.io/hashicorp/aws\"]",
      "instances": [
        {
          "schema_version": 0,
          "attributes": {
            "arn": "arn:aws:iam::284244381060:policy/api_gateway_step_functions_policy",
            "attachment_count": 1,
            "description": "",
            "id": "arn:aws:iam::284244381060:policy/api_gateway_step_functions_policy",
            "name": "api_gateway_step_functions_policy",
            "name_prefix": "",
            "path": "/",
            "policy": "{\"Statement\":[{\"Action\":\"states:StartSyncExecution\",\"Effect\":\"Allow\",\"Resource\":\"arn:aws:states:us-east-1:284244381060:stateMachine:AIAssistantWorkflow\"}],\"Version\":\"2012-10-17\"}",
            "policy_id": "ANPAUELSJBWCGKIUCSHM6",
            "tags": {},
            "tags_all": {}
          },
          "sensitive_attributes": [],
          "private": "bnVsbA==",
          "dependencies": [
            "aws_appconfig_application.ai_assistant_app",
            "aws_appconfig_configuration_profile.model_selection_strategy",
            "aws_appconfig_environment.production",
            "aws_cloudwatch_log_group.sfn_log_group",
            "aws_cloudwatch_log_resource_policy.sfn_logging_policy",
            "aws_iam_role.lambda_role",
            "aws_iam_role.step_functions_role",
            "aws_lambda_function.ai_assistant_lambda",
            "aws_lambda_function.degradation_lambda",
            "aws_lambda_function.fallback_lambda",
            "aws_sfn_state_machine.ai_assistant_workflow",
            "data.archive_file.degradation_lambda_zip",
            "data.archive_file.fallback_lambda_zip",
            "data.archive_file.lambda_zip"
          ]
        }
      ]
    },
    {
      "mode": "managed",
      "type": "aws_iam_policy",
      "name": "lambda_policy",
      "provider": "provider[\"registry.terraform.io/hashicorp/aws\"]",
      "instances": [
        {
          "schema_version": 0,
          "attributes": {
            "arn": "arn:aws:iam::284244381060:policy/ai_assistant_lambda_policy",
            "attachment_count": 1,
            "description": "Policy for AI Assistant Lambda to access Bedrock and AppConfig",
            "id": "arn:aws:iam::284244381060:policy/ai_assistant_lambda_policy",
            "name": "ai_assistant_lambda_policy",
            "name_prefix": "",
            "path": "/",
            "policy": "{\"Statement\":[{\"Action\":[\"logs:CreateLogGroup\",\"logs:CreateLogStream\",\"logs:PutLogEvents\"],\"Effect\":\"Allow\",\"Resource\":\"arn:aws:logs:*:*:*\"},{\"Action\":[\"bedrock:InvokeModel\"],\"Effect\":\"Allow\",\"Resource\":\"*\"},{\"Action\":[\"appconfig:GetConfiguration\",\"appconfig:GetLatestConfiguration\",\"appconfig:StartConfigurationSession\"],\"Effect\":\"Allow\",\"Resource\":\"*\"}],\"Version\":\"2012-10-17\"}",
            "policy_id": "ANPAUELSJBWCJPT4FMN2A",
            "tags": {},
            "tags_all": {}
          },
          "sensitive_attributes": [],
          "private": "bnVsbA=="
        }
      ]
    },
    {
      "mode": "managed",
      "type": "aws_iam_policy",
      "name": "step_functions_policy",
      "provider": "provider[\"registry.terraform.io/hashicorp/aws\"]",
      "instances": [
        {
          "schema_version": 0,
          "attributes": {
            "arn": "arn:aws:iam::284244381060:policy/ai_assistant_step_functions_policy",
            "attachment_count": 1,
            "description": "",
            "id": "arn:aws:iam::284244381060:policy/ai_assistant_step_functions_policy",
            "name": "ai_assistant_step_functions_policy",
            "name_prefix": "",
            "path": "/",
            "policy": "{\"Statement\":[{\"Action\":[\"lambda:InvokeFunction\"],\"Effect\":\"Allow\",\"Resource\":[\"arn:aws:lambda:us-east-1:284244381060:function:AIAssistantLambda\",\"arn:aws:lambda:us-east-1:284244381060:function:AIAssistantFallbackLambda\",\"arn:aws:lambda:us-east-1:284244381060:function:AIAssistantDegradationLambda\"]},{\"Action\":[\"logs:CreateLogDelivery\",\"logs:GetLogDelivery\",\"logs:UpdateLogDelivery\",\"logs:DeleteLogDelivery\",\"logs:ListLogDeliveries\",\"logs:PutResourcePolicy\",\"logs:DescribeResourcePolicies\",\"logs:DescribeLogGroups\"],\"Effect\":\"Allow\",\"Resource\":\"*\"}],\"Version\":\"2012-10-17\"}",
            "policy_id": "ANPAUELSJBWCN4WIZHXKC",
            "tags": {},
            "tags_all": {}
          },
          "sensitive_attributes": [],
          "private": "bnVsbA==",
          "dependencies": [
            "aws_appconfig_application.ai_assistant_app",
            "aws_appconfig_configuration_profile.model_selection_strategy",
            "aws_appconfig_environment.production",
            "aws_iam_role.lambda_role",
            "aws_lambda_function.ai_assistant_lambda",
            "aws_lambda_function.degradation_lambda",
            "aws_lambda_function.fallback_lambda",
            "data.archive_file.degradation_lambda_zip",
            "data.archive_file.fallback_lambda_zip",
            "data.archive_file.lambda_zip"
          ]
        }
      ]
    },
    {
      "mode": "managed",
      "type": "aws_iam_role",
      "name": "api_gateway_step_functions_role",
      "provider": "provider[\"registry.terraform.io/hashicorp/aws\"]",
      "instances": [
        {
          "schema_version": 0,
          "attributes": {
            "arn": "arn:aws:iam::284244381060:role/api_gateway_step_functions_role",
            "assume_role_policy": "{\"Statement\":[{\"Action\":\"sts:AssumeRole\",\"Effect\":\"Allow\",\"Principal\":{\"Service\":\"apigateway.amazonaws.com\"}}],\"Version\":\"2012-10-17\"}",
            "create_date": "2025-12-03T03:29:35Z",
            "description": "",
            "force_detach_policies": false,
            "id": "api_gateway_step_functions_role",
            "inline_policy": [],
            "managed_policy_arns": [
              "arn:aws:iam::284244381060:policy/api_gateway_step_functions_policy"
            ],
            "max_session_duration": 3600,
            "name": "api_gateway_step_functions_role",
            "name_prefix": "",
            "path": "/",
            "permissions_boundary": "",
            "tags": {},
            "tags_all": {},
            "unique_id": "AROAUELSJBWCFH2COBG7D"
          },
          "sensitive_attributes": [],
          "private": "bnVsbA==",
          "create_before_destroy": true
        }
      ]
    },
    {
      "mode": "managed",
      "type": "aws_iam_role",
      "name": "lambda_role",
      "provider": "provider[\"registry.terraform.io/hashicorp/aws\"]",
      "instances": [
        {
          "schema_version": 0,
          "attributes": {
            "arn": "arn:aws:iam::284244381060:role/ai_assistant_lambda_role",
            "assume_role_policy": "{\"Statement\":[{\"Action\":\"sts:AssumeRole\",\"Effect\":\"Allow\",\"Principal\":{\"Service\":\"lambda.amazonaws.com\"}}],\"Version\":\"2012-10-17\"}",
            "create_date": "2025-12-03T02:52:48Z",
            "description": "",
            "force_detach_policies": false,
            "id": "ai_assistant_lambda_role",
            "inline_policy": [],
            "managed_policy_arns": [
              "arn:aws:iam::284244381060:policy/ai_assistant_lambda_policy"
            ],
            "max_session_duration": 3600,
            "name": "ai_assistant_lambda_role",
            "name_prefix": "",
            "path": "/",
            "permissions_boundary": "",
            "tags": {},
            "tags_all": {},
            "unique_id": "AROAUELSJBWCCSHE6XMS2"
          },
          "sensitive_attributes": [],
          "private": "bnVsbA==",
          "create_before_destroy": true
        }
      ]
    },
    {
      "mode": "managed",
      "type": "aws_iam_role",
      "name": "step_functions_role",
      "provider": "provider[\"registry.terraform.io/hashicorp/aws\"]",
      "instances": [
        {
          "schema_version": 0,
          "attributes": {
            "arn": "arn:aws:iam::284244381060:role/ai_assistant_step_functions_role",
            "assume_role_policy": "{\"Statement\":[{\"Action\":\"sts:AssumeRole\",\"Effect\":\"Allow\",\"Principal\":{\"Service\":\"states.amazonaws.com\"}}],\"Version\":\"2012-10-17\"}",
            "create_date": "2025-12-03T03:07:26Z",
            "description": "",
            "force_detach_policies": false,
            "id": "ai_assistant_step_functions_role",
            "inline_policy": [],
            "managed_policy_arns": [
              "arn:aws:iam::284244381060:policy/ai_assistant_step_functions_policy"
            ],
            "max_session_duration": 3600,
            "name": "ai_assistant_step_functions_role",
            "name_prefix": "",
            "path": "/",
            "permissions_boundary": "",
            "tags": {},
            "tags_all": {},
            "unique_id": "AROAUELSJBWCE3YJV4LZK"
          },
          "sensitive_attributes": [],
          "private": "bnVsbA==",
          "create_before_destroy": true
        }
      ]
    },
    {
      "mode": "managed",
      "type": "aws_iam_role_policy_attachment",
      "name": "api_gateway_step_functions_attach",
      "provider": "provider[\"registry.terraform.io/hashicorp/aws\"]",
      "instances": [
        {
          "schema_version": 0,
          "attributes": {
            "id": "api_gateway_step_functions_role-20251203033109753500000001",
            "policy_arn": "arn:aws:iam::284244381060:policy/api_gateway_step_functions_policy",
            "role": "api_gateway_step_functions_role"
          },
          "sensitive_attributes": [],
          "private": "bnVsbA==",
          "dependencies": [
            "aws_appconfig_application.ai_assistant_app",
            "aws_appconfig_configuration_profile.model_selection_strategy",
            "aws_appconfig_environment.production",
            "aws_cloudwatch_log_group.sfn_log_group",
            "aws_cloudwatch_log_resource_policy.sfn_logging_policy",
            "aws_iam_policy.api_gateway_step_functions_policy",
            "aws_iam_role.api_gateway_step_functions_role",
            "aws_iam_role.lambda_role",
            "aws_iam_role.step_functions_role",
            "aws_lambda_function.ai_assistant_lambda",
            "aws_lambda_function.degradation_lambda",
            "aws_lambda_function.fallback_lambda",
            "aws_sfn_state_machine.ai_assistant_workflow",
            "data.archive_file.degradation_lambda_zip",
            "data.archive_file.fallback_lambda_zip",
            "data.archive_file.lambda_zip"
          ]
        }
      ]
    },
    {
      "mode": "managed",
      "type": "aws_iam_role_policy_attachment",
      "name": "lambda_policy_attach",
      "provider": "provider[\"registry.terraform.io/hashicorp/aws\"]",
      "instances": [
        {
          "schema_version": 0,
          "attributes": {
            "id": "ai_assistant_lambda_role-20251203025248889200000001",
            "policy_arn": "arn:aws:iam::284244381060:policy/ai_assistant_lambda_policy",
            "role": "ai_assistant_lambda_role"
          },
          "sensitive_attributes": [],
          "private": "bnVsbA==",
          "dependencies": [
            "aws_iam_policy.lambda_policy",
            "aws_iam_role.lambda_role"
          ]
        }
      ]
    },
    {
      "mode": "managed",
      "type": "aws_iam_role_policy_attachment",
      "name": "step_functions_policy_attach",
      "provider": "provider[\"registry.terraform.io/hashicorp/aws\"]",
      "instances": [
        {
          "schema_version": 0,
          "attributes": {
            "id": "ai_assistant_step_functions_role-20251203030739070200000003",
            "policy_arn": "arn:aws:iam::284244381060:policy/ai_assistant_step_functions_policy",
            "role": "ai_assistant_step_functions_role"
          },
          "sensitive_attributes": [],
          "private": "bnVsbA==",
          "dependencies": [
            "aws_appconfig_application.ai_assistant_app",
            "aws_appconfig_configuration_profile.model_selection_strategy",
            "aws_appconfig_environment.production",
            "aws_iam_policy.step_functions_policy",
            "aws_iam_role.lambda_role",
            "aws_iam_role.step_functions_role",
            "aws_lambda_function.ai_assistant_lambda",
            "aws_lambda_function.degradation_lambda",
            "aws_lambda_function.fallback_lambda",
            "data.archive_file.degradation_lambda_zip",
            "data.archive_file.fallback_lambda_zip",
            "data.archive_file.lambda_zip"
          ]
        }
      ]
    },
    {
      "mode": "managed",
      "type": "aws_lambda_function",
      "name": "ai_assistant_lambda",
      "provider": "provider[\"registry.terraform.io/hashicorp/aws\"]",
      "instances": [
        {
          "schema_version": 0,
          "attributes": {
            "architectures": [
              "x86_64"
            ],
            "arn": "arn:aws:lambda:us-east-1:284244381060:function:AIAssistantLambda",
            "code_sha256": "GVzT/PAe3KMsljIw3JPthMfLK12clSKrh48Gg7R2Se8=",
            "code_signing_config_arn": "",
            "dead_letter_config": [],
            "description": "",
            "environment": [
              {
                "variables": {
                  "APPCONFIG_APPLICATION": "AIAssistantApp",
                  "APPCONFIG_ENVIRONMENT": "Production",
                  "APPCONFIG_PROFILE": "ModelSelectionStrategy"
                }
              }
            ],
            "ephemeral_storage": [
              {
                "size": 512
              }
            ],
            "file_system_config": [],
            "filename": "./../app/model_selector.zip",
            "function_name": "AIAssistantLambda",
            "handler": "model_selector.lambda_handler",
            "id": "AIAssistantLambda",
            "image_config": [],
            "image_uri": "",
            "invoke_arn": "arn:aws:apigateway:us-east-1:lambda:path/2015-03-31/functions/arn:aws:lambda:us-east-1:284244381060:function:AIAssistantLambda/invocations",
            "kms_key_arn": "",
            "last_modified": "2025-12-03T03:58:07.000+0000",
            "layers": [],
            "logging_config": [
              {
                "application_log_level": "",
                "log_format": "Text",
                "log_group": "/aws/lambda/AIAssistantLambda",
                "system_log_level": ""
              }
            ],
            "memory_size": 128,
            "package_type": "Zip",
            "publish": false,
            "qualified_arn": "arn:aws:lambda:us-east-1:284244381060:function:AIAssistantLambda:$LATEST",
            "qualified_invoke_arn": "arn:aws:apigateway:us-east-1:lambda:path/2015-03-31/functions/arn:aws:lambda:us-east-1:284244381060:function:AIAssistantLambda:$LATEST/invocations",
            "replace_security_groups_on_destroy": null,
            "replacement_security_group_ids": null,
            "reserved_concurrent_executions": -1,
            "role": "arn:aws:iam::284244381060:role/ai_assistant_lambda_role",
            "runtime": "python3.11",
            "s3_bucket": null,
            "s3_key": null,
            "s3_object_version": null,
            "signing_job_arn": "",
            "signing_profile_version_arn": "",
            "skip_destroy": false,
            "snap_start": [],
            "source_code_hash": "GVzT/PAe3KMsljIw3JPthMfLK12clSKrh48Gg7R2Se8=",
            "source_code_size": 1581,
            "tags": {},
            "tags_all": {},
            "timeout": 30,
            "timeouts": null,
            "tracing_config": [
              {
                "mode": "PassThrough"
              }
            ],
            "version": "$LATEST",
            "vpc_config": []
          },
          "sensitive_attributes": [],
          "private": "eyJlMmJmYjczMC1lY2FhLTExZTYtOGY4OC0zNDM2M2JjN2M0YzAiOnsiY3JlYXRlIjo2MDAwMDAwMDAwMDAsImRlbGV0ZSI6NjAwMDAwMDAwMDAwLCJ1cGRhdGUiOjYwMDAwMDAwMDAwMH19",
          "dependencies": [
            "aws_appconfig_application.ai_assistant_app",
            "aws_appconfig_configuration_profile.model_selection_strategy",
            "aws_appconfig_environment.production",
            "aws_iam_role.lambda_role",
            "data.archive_file.lambda_zip"
          ],
          "create_before_destroy": true
        }
      ]
    },
    {
      "mode": "managed",
      "type": "aws_lambda_function",
      "name": "degradation_lambda",
      "provider": "provider[\"registry.terraform.io/hashicorp/aws\"]",
      "instances": [
        {
          "schema_version": 0,
          "attributes": {
            "architectures": [
              "x86_64"
            ],
            "arn": "arn:aws:lambda:us-east-1:284244381060:function:AIAssistantDegradationLambda",
            "code_sha256": "6khkM05twez+TZQVIesBj1PTpD3zaZ5oRebFAqedgZQ=",
            "code_signing_config_arn": "",
            "dead_letter_config": [],
            "description": "",
            "environment": [],
            "ephemeral_storage": [
              {
                "size": 512
              }
            ],
            "file_system_config": [],
            "filename": "./../app/degradation_handler.zip",
            "function_name": "AIAssistantDegradationLambda",
            "handler": "degradation_handler.lambda_handler",
            "id": "AIAssistantDegradationLambda",
            "image_config": [],
            "image_uri": "",
            "invoke_arn": "arn:aws:apigateway:us-east-1:lambda:path/2015-03-31/functions/arn:aws:lambda:us-east-1:284244381060:function:AIAssistantDegradationLambda/invocations",
            "kms_key_arn": "",
            "last_modified": "2025-12-03T03:07:32.965+0000",
            "layers": [],
            "logging_config": [
              {
                "application_log_level": "",
                "log_format": "Text",
                "log_group": "/aws/lambda/AIAssistantDegradationLambda",
                "system_log_level": ""
              }
            ],
            "memory_size": 128,
            "package_type": "Zip",
            "publish": false,
            "qualified_arn": "arn:aws:lambda:us-east-1:284244381060:function:AIAssistantDegradationLambda:$LATEST",
            "qualified_invoke_arn": "arn:aws:apigateway:us-east-1:lambda:path/2015-03-31/functions/arn:aws:lambda:us-east-1:284244381060:function:AIAssistantDegradationLambda:$LATEST/invocations",
            "replace_security_groups_on_destroy": null,
            "replacement_security_group_ids": null,
            "reserved_concurrent_executions": -1,
            "role": "arn:aws:iam::284244381060:role/ai_assistant_lambda_role",
            "runtime": "python3.11",
            "s3_bucket": null,
            "s3_key": null,
            "s3_object_version": null,
            "signing_job_arn": "",
            "signing_profile_version_arn": "",
            "skip_destroy": false,
            "snap_start": [],
            "source_code_hash": "6khkM05twez+TZQVIesBj1PTpD3zaZ5oRebFAqedgZQ=",
            "source_code_size": 713,
            "tags": {},
            "tags_all": {},
            "timeout": 10,
            "timeouts": null,
            "tracing_config": [
              {
                "mode": "PassThrough"
              }
            ],
            "version": "$LATEST",
            "vpc_config": []
          },
          "sensitive_attributes": [],
          "private": "eyJlMmJmYjczMC1lY2FhLTExZTYtOGY4OC0zNDM2M2JjN2M0YzAiOnsiY3JlYXRlIjo2MDAwMDAwMDAwMDAsImRlbGV0ZSI6NjAwMDAwMDAwMDAwLCJ1cGRhdGUiOjYwMDAwMDAwMDAwMH19",
          "dependencies": [
            "aws_iam_role.lambda_role",
            "data.archive_file.degradation_lambda_zip"
          ],
          "create_before_destroy": true
        }
      ]
    },
    {
      "mode": "managed",
      "type": "aws_lambda_function",
      "name": "fallback_lambda",
      "provider": "provider[\"registry.terraform.io/hashicorp/aws\"]",
      "instances": [
        {
          "schema_version": 0,
          "attributes": {
            "architectures": [
              "x86_64"
            ],
            "arn": "arn:aws:lambda:us-east-1:284244381060:function:AIAssistantFallbackLambda",
            "code_sha256": "X4RwMEAoTHj+4+RLVHTY/7WidVQ3PQl6o+AHlJ/7r6w=",
            "code_signing_config_arn": "",
            "dead_letter_config": [],
            "description": "",
            "environment": [],
            "ephemeral_storage": [
              {
                "size": 512
              }
            ],
            "file_system_config": [],
            "filename": "./../app/fallback_handler.zip",
            "function_name": "AIAssistantFallbackLambda",
            "handler": "fallback_handler.lambda_handler",
            "id": "AIAssistantFallbackLambda",
            "image_config": [],
            "image_uri": "",
            "invoke_arn": "arn:aws:apigateway:us-east-1:lambda:path/2015-03-31/functions/arn:aws:lambda:us-east-1:284244381060:function:AIAssistantFallbackLambda/invocations",
            "kms_key_arn": "",
            "last_modified": "2025-12-03T03:52:55.000+0000",
            "layers": [],
            "logging_config": [
              {
                "application_log_level": "",
                "log_format": "Text",
                "log_group": "/aws/lambda/AIAssistantFallbackLambda",
                "system_log_level": ""
              }
            ],
            "memory_size": 128,
            "package_type": "Zip",
            "publish": false,
            "qualified_arn": "arn:aws:lambda:us-east-1:284244381060:function:AIAssistantFallbackLambda:$LATEST",
            "qualified_invoke_arn": "arn:aws:apigateway:us-east-1:lambda:path/2015-03-31/functions/arn:aws:lambda:us-east-1:284244381060:function:AIAssistantFallbackLambda:$LATEST/invocations",
            "replace_security_groups_on_destroy": null,
            "replacement_security_group_ids": null,
            "reserved_concurrent_executions": -1,
            "role": "arn:aws:iam::284244381060:role/ai_assistant_lambda_role",
            "runtime": "python3.11",
            "s3_bucket": null,
            "s3_key": null,
            "s3_object_version": null,
            "signing_job_arn": "",
            "signing_profile_version_arn": "",
            "skip_destroy": false,
            "snap_start": [],
            "source_code_hash": "X4RwMEAoTHj+4+RLVHTY/7WidVQ3PQl6o+AHlJ/7r6w=",
            "source_code_size": 763,
            "tags": {},
            "tags_all": {},
            "timeout": 30,
            "timeouts": null,
            "tracing_config": [
              {
                "mode": "PassThrough"
              }
            ],
            "version": "$LATEST",
            "vpc_config": []
          },
          "sensitive_attributes": [],
          "private": "eyJlMmJmYjczMC1lY2FhLTExZTYtOGY4OC0zNDM2M2JjN2M0YzAiOnsiY3JlYXRlIjo2MDAwMDAwMDAwMDAsImRlbGV0ZSI6NjAwMDAwMDAwMDAwLCJ1cGRhdGUiOjYwMDAwMDAwMDAwMH19",
          "dependencies": [
            "aws_iam_role.lambda_role",
            "data.archive_file.fallback_lambda_zip"
          ],
          "create_before_destroy": true
        }
      ]
    },
    {
      "mode": "managed",
      "type": "aws_route53_health_check",
      "name": "primary_region_health_check",
      "provider": "provider[\"registry.terraform.io/hashicorp/aws\"]",
      "instances": [
        {
          "schema_version": 0,
          "attributes": {
            "arn": "arn:aws:route53:::healthcheck/4f6ebebd-d7ba-4316-a24a-21a16e3d17d8",
            "child_health_threshold": 0,
            "child_healthchecks": [],
            "cloudwatch_alarm_name": null,
            "cloudwatch_alarm_region": null,
            "disabled": false,
            "enable_sni": true,
            "failure_threshold": 3,
            "fqdn": "lhn47yelhe.execute-api.us-east-1.amazonaws.com",
            "id": "4f6ebebd-d7ba-4316-a24a-21a16e3d17d8",
            "insufficient_data_health_status": "",
            "invert_healthcheck": false,
            "ip_address": "",
            "measure_latency": false,
            "port": 443,
            "reference_name": null,
            "regions": [],
            "request_interval": 30,
            "resource_path": "/prod/generate",
            "routing_control_arn": "",
            "search_string": "",
            "tags": {
              "Name": "primary-region-health-check"
            },
            "tags_all": {
              "Name": "primary-region-health-check"
            },
            "triggers": {},
            "type": "HTTPS"
          },
          "sensitive_attributes": [],
          "private": "bnVsbA==",
          "dependencies": [
            "aws_api_gateway_rest_api.ai_assistant_api"
          ]
        }
      ]
    },
    {
      "mode": "managed",
      "type": "aws_route53_record",
      "name": "primary",
      "provider": "provider[\"registry.terraform.io/hashicorp/aws\"]",
      "instances": [
        {
          "schema_version": 2,
          "attributes": {
            "alias": [
              {
                "evaluate_target_health": true,
                "name": "lhn47yelhe.execute-api.us-east-1.amazonaws.com",
                "zone_id": "Z1UJRXOUMOOFQ8"
              }
            ],
            "allow_overwrite": null,
            "cidr_routing_policy": [],
            "failover_routing_policy": [
              {
                "type": "PRIMARY"
              }
            ],
            "fqdn": "ai-assistant.ai-assistant-demo.com",
            "geolocation_routing_policy": [],
            "geoproximity_routing_policy": [],
            "health_check_id": "4f6ebebd-d7ba-4316-a24a-21a16e3d17d8",
            "id": "Z05524797RSQO6BWDAFU_ai-assistant.ai-assistant-demo.com_A_Primary",
            "latency_routing_policy": [],
            "multivalue_answer_routing_policy": false,
            "name": "ai-assistant.ai-assistant-demo.com",
            "records": [],
            "set_identifier": "Primary",
            "timeouts": null,
            "ttl": 0,
            "type": "A",
            "weighted_routing_policy": [],
            "zone_id": "Z05524797RSQO6BWDAFU"
          },
          "sensitive_attributes": [],
          "private": "eyJlMmJmYjczMC1lY2FhLTExZTYtOGY4OC0zNDM2M2JjN2M0YzAiOnsiY3JlYXRlIjoxODAwMDAwMDAwMDAwLCJkZWxldGUiOjE4MDAwMDAwMDAwMDAsInVwZGF0ZSI6MTgwMDAwMDAwMDAwMH0sInNjaGVtYV92ZXJzaW9uIjoiMiJ9",
          "dependencies": [
            "aws_api_gateway_rest_api.ai_assistant_api",
            "aws_route53_health_check.primary_region_health_check",
            "aws_route53_zone.main"
          ]
        }
      ]
    },
    {
      "mode": "managed",
      "type": "aws_route53_record",
      "name": "secondary",
      "provider": "provider[\"registry.terraform.io/hashicorp/aws\"]",
      "instances": [
        {
          "schema_version": 2,
          "attributes": {
            "alias": [
              {
                "evaluate_target_health": true,
                "name": "example-api-id.execute-api.us-west-2.amazonaws.com",
                "zone_id": "Z2OJLYMUO9EFXC"
              }
            ],
            "allow_overwrite": null,
            "cidr_routing_policy": [],
            "failover_routing_policy": [
              {
                "type": "SECONDARY"
              }
            ],
            "fqdn": "ai-assistant.ai-assistant-demo.com",
            "geolocation_routing_policy": [],
            "geoproximity_routing_policy": [],
            "health_check_id": "",
            "id": "Z05524797RSQO6BWDAFU_ai-assistant.ai-assistant-demo.com_A_Secondary",
            "latency_routing_policy": [],
            "multivalue_answer_routing_policy": false,
            "name": "ai-assistant.ai-assistant-demo.com",
            "records": [],
            "set_identifier": "Secondary",
            "timeouts": null,
            "ttl": 0,
            "type": "A",
            "weighted_routing_policy": [],
            "zone_id": "Z05524797RSQO6BWDAFU"
          },
          "sensitive_attributes": [],
          "private": "eyJlMmJmYjczMC1lY2FhLTExZTYtOGY4OC0zNDM2M2JjN2M0YzAiOnsiY3JlYXRlIjoxODAwMDAwMDAwMDAwLCJkZWxldGUiOjE4MDAwMDAwMDAwMDAsInVwZGF0ZSI6MTgwMDAwMDAwMDAwMH0sInNjaGVtYV92ZXJzaW9uIjoiMiJ9",
          "dependencies": [
            "aws_route53_zone.main"
          ]
        }
      ]
    },
    {
      "mode": "managed",
      "type": "aws_route53_zone",
      "name": "main",
      "provider": "provider[\"registry.terraform.io/hashicorp/aws\"]",
      "instances": [
        {
          "schema_version": 0,
          "attributes": {
            "arn": "arn:aws:route53:::hostedzone/Z05524797RSQO6BWDAFU",
            "comment": "Managed by Terraform",
            "delegation_set_id": "",
            "force_destroy": false,
            "id": "Z05524797RSQO6BWDAFU",
            "name": "ai-assistant-demo.com",
            "name_servers": [
              "ns-1202.awsdns-22.org",
              "ns-1929.awsdns-49.co.uk",
              "ns-693.awsdns-22.net",
              "ns-79.awsdns-09.com"
            ],
            "primary_name_server": "ns-79.awsdns-09.com",
            "tags": {},
            "tags_all": {},
            "timeouts": null,
            "vpc": [],
            "zone_id": "Z05524797RSQO6BWDAFU"
          },
          "sensitive_attributes": [],
          "private": "eyJlMmJmYjczMC1lY2FhLTExZTYtOGY4OC0zNDM2M2JjN2M0YzAiOnsiY3JlYXRlIjoxODAwMDAwMDAwMDAwLCJkZWxldGUiOjE4MDAwMDAwMDAwMDAsInVwZGF0ZSI6MTgwMDAwMDAwMDAwMH19"
        }
      ]
    },
    {
      "mode": "managed",
      "type": "aws_s3_bucket",
      "name": "tf_state",
      "provider": "provider[\"registry.terraform.io/hashicorp/aws\"]",
      "instances": [
        {
          "schema_version": 0,
          "attributes": {
            "acceleration_status": "",
            "acl": null,
            "arn": "arn:aws:s3:::ai-assistant-tf-state-123456",
            "bucket": "ai-assistant-tf-state-123456",
            "bucket_domain_name": "ai-assistant-tf-state-123456.s3.amazonaws.com",
            "bucket_prefix": "",
            "bucket_regional_domain_name": "ai-assistant-tf-state-123456.s3.us-east-1.amazonaws.com",
            "cors_rule": [],
            "force_destroy": true,
            "grant": [
              {
                "id": "0f3a99987b84a8387e6cfe6005fce97bcd4fbaa785e0302e23ace4cba3011d7f",
                "permissions": [
                  "FULL_CONTROL"
                ],
                "type": "CanonicalUser",
                "uri": ""
              }
            ],
            "hosted_zone_id": "Z3AQBSTGFYJSTF",
            "id": "ai-assistant-tf-state-123456",
            "lifecycle_rule": [],
            "logging": [],
            "object_lock_configuration": [],
            "object_lock_enabled": false,
            "policy": "",
            "region": "us-east-1",
            "replication_configuration": [],
            "request_payer": "BucketOwner",
            "server_side_encryption_configuration": [
              {
                "rule": [
                  {
                    "apply_server_side_encryption_by_default": [
                      {
                        "kms_master_key_id": "",
                        "sse_algorithm": "AES256"
                      }
                    ],
                    "bucket_key_enabled": true
                  }
                ]
              }
            ],
            "tags": {
              "Project": "ai-assistant",
              "Terraform": "true"
            },
            "tags_all": {
              "Project": "ai-assistant",
              "Terraform": "true"
            },
            "timeouts": null,
            "versioning": [
              {
                "enabled": true,
                "mfa_delete": false
              }
            ],
            "website": [],
            "website_domain": null,
            "website_endpoint": null
          },
          "sensitive_attributes": [],
          "private": "eyJlMmJmYjczMC1lY2FhLTExZTYtOGY4OC0zNDM2M2JjN2M0YzAiOnsiY3JlYXRlIjoxMjAwMDAwMDAwMDAwLCJkZWxldGUiOjM2MDAwMDAwMDAwMDAsInJlYWQiOjEyMDAwMDAwMDAwMDAsInVwZGF0ZSI6MTIwMDAwMDAwMDAwMH19"
        }
      ]
    },
    {
      "mode": "managed",
      "type": "aws_s3_bucket_ownership_controls",
      "name": "tf_state",
      "provider": "provider[\"registry.terraform.io/hashicorp/aws\"]",
      "instances": [
        {
          "schema_version": 0,
          "attributes": {
            "bucket": "ai-assistant-tf-state-123456",
            "id": "ai-assistant-tf-state-123456",
            "rule": [
              {
                "object_ownership": "BucketOwnerEnforced"
              }
            ]
          },
          "sensitive_attributes": [],
          "private": "bnVsbA==",
          "dependencies": [
            "aws_s3_bucket.tf_state"
          ]
        }
      ]
    },
    {
      "mode": "managed",
      "type": "aws_s3_bucket_public_access_block",
      "name": "tf_state",
      "provider": "provider[\"registry.terraform.io/hashicorp/aws\"]",
      "instances": [
        {
          "schema_version": 0,
          "attributes": {
            "block_public_acls": true,
            "block_public_policy": true,
            "bucket": "ai-assistant-tf-state-123456",
            "id": "ai-assistant-tf-state-123456",
            "ignore_public_acls": true,
            "restrict_public_buckets": true
          },
          "sensitive_attributes": [],
          "private": "bnVsbA==",
          "dependencies": [
            "aws_s3_bucket.tf_state"
          ]
        }
      ]
    },
    {
      "mode": "managed",
      "type": "aws_s3_bucket_server_side_encryption_configuration",
      "name": "tf_state",
      "provider": "provider[\"registry.terraform.io/hashicorp/aws\"]",
      "instances": [
        {
          "schema_version": 0,
          "attributes": {
            "bucket": "ai-assistant-tf-state-123456",
            "expected_bucket_owner": "",
            "id": "ai-assistant-tf-state-123456",
            "rule": [
              {
                "apply_server_side_encryption_by_default": [
                  {
                    "kms_master_key_id": "",
                    "sse_algorithm": "AES256"
                  }
                ],
                "bucket_key_enabled": true
              }
            ]
          },
          "sensitive_attributes": [],
          "private": "bnVsbA==",
          "dependencies": [
            "aws_s3_bucket.tf_state"
          ]
        }
      ]
    },
    {
      "mode": "managed",
      "type": "aws_s3_bucket_versioning",
      "name": "tf_state",
      "provider": "provider[\"registry.terraform.io/hashicorp/aws\"]",
      "instances": [
        {
          "schema_version": 0,
          "attributes": {
            "bucket": "ai-assistant-tf-state-123456",
            "expected_bucket_owner": "",
            "id": "ai-assistant-tf-state-123456",
            "mfa": null,
            "versioning_configuration": [
              {
                "mfa_delete": "",
                "status": "Enabled"
              }
            ]
          },
          "sensitive_attributes": [],
          "private": "bnVsbA==",
          "dependencies": [
            "aws_s3_bucket.tf_state"
          ]
        }
      ]
    },
    {
      "mode": "managed",
      "type": "aws_sfn_state_machine",
      "name": "ai_assistant_workflow",
      "provider": "provider[\"registry.terraform.io/hashicorp/aws\"]",
      "instances": [
        {
          "schema_version": 0,
          "attributes": {
            "arn": "arn:aws:states:us-east-1:284244381060:stateMachine:AIAssistantWorkflow",
            "creation_date": "2025-12-03T03:33:06Z",
            "definition": "{\n  \"Comment\": \"AI Assistant with Circuit Breaker Pattern\",\n  \"StartAt\": \"TryPrimaryModel\",\n  \"States\": {\n    \"TryPrimaryModel\": {\n      \"Type\": \"Task\",\n      \"Resource\": \"arn:aws:states:::lambda:invoke\",\n      \"Parameters\": {\n        \"FunctionName\": \"arn:aws:lambda:us-east-1:284244381060:function:AIAssistantLambda\",\n        \"Payload\": {\n          \"prompt.$\": \"$.prompt\",\n          \"use_case.$\": \"$.use_case\"\n        }\n      },\n      \"ResultPath\": \"$.primary_response\",\n      \"Retry\": [\n        {\n          \"ErrorEquals\": [\"States.TaskFailed\"],\n          \"IntervalSeconds\": 1,\n          \"MaxAttempts\": 2,\n          \"BackoffRate\": 2\n        }\n      ],\n      \"Catch\": [\n        {\n          \"ErrorEquals\": [\"States.ALL\"],\n          \"ResultPath\": \"$.error-info\",\n          \"Next\": \"TryFallbackModel\"\n        }\n      ],\n      \"Next\": \"EvaluatePrimaryResponse\"\n    },\n    \"EvaluatePrimaryResponse\": {\n      \"Type\": \"Choice\",\n      \"Choices\": [\n        {\n          \"Variable\": \"$.primary_response.Payload.statusCode\",\n          \"NumericGreaterThanEquals\": 400,\n          \"Next\": \"TryFallbackModel\"\n        },\n        {\n          \"Variable\": \"$.primary_response.Payload.statusCode\",\n          \"IsPresent\": false,\n          \"Next\": \"TryFallbackModel\"\n        }\n      ],\n      \"Default\": \"SuccessState\"\n    },\n    \"TryFallbackModel\": {\n      \"Type\": \"Task\",\n      \"Resource\": \"arn:aws:states:::lambda:invoke\",\n      \"Parameters\": {\n        \"FunctionName\": \"arn:aws:lambda:us-east-1:284244381060:function:AIAssistantFallbackLambda\",\n        \"Payload\": {\n          \"prompt.$\": \"$.prompt\",\n          \"use_case.$\": \"$.use_case\",\n          \"is_fallback\": true\n        }\n      },\n      \"ResultPath\": \"$.fallback_response\",\n      \"Retry\": [\n        {\n          \"ErrorEquals\": [\"States.TaskFailed\"],\n          \"IntervalSeconds\": 1,\n          \"MaxAttempts\": 2,\n          \"BackoffRate\": 2\n        }\n      ],\n      \"Catch\": [\n        {\n          \"ErrorEquals\": [\"States.ALL\"],\n          \"ResultPath\": \"$.fallback_error\",\n          \"Next\": \"GracefulDegradation\"\n        }\n      ],\n      \"Next\": \"SuccessState\"\n    },\n    \"GracefulDegradation\": {\n      \"Type\": \"Task\",\n      \"Resource\": \"arn:aws:states:::lambda:invoke\",\n      \"Parameters\": {\n        \"FunctionName\": \"arn:aws:lambda:us-east-1:284244381060:function:AIAssistantDegradationLambda\",\n        \"Payload\": {\n          \"prompt.$\": \"$.prompt\",\n          \"use_case.$\": \"$.use_case\"\n        }\n      },\n      \"Next\": \"SuccessState\"\n    },\n    \"SuccessState\": {\n      \"Type\": \"Succeed\"\n    }\n  }\n}\n\n",
            "description": "",
            "encryption_configuration": [
              {
                "kms_data_key_reuse_period_seconds": 0,
                "kms_key_id": "",
                "type": "AWS_OWNED_KEY"
              }
            ],
            "id": "arn:aws:states:us-east-1:284244381060:stateMachine:AIAssistantWorkflow",
            "logging_configuration": [
              {
                "include_execution_data": true,
                "level": "ALL",
                "log_destination": "arn:aws:logs:us-east-1:284244381060:log-group:/aws/vendedlogs/states/AIAssistantWorkflow-Logs:*"
              }
            ],
            "name": "AIAssistantWorkflow",
            "name_prefix": "",
            "publish": false,
            "revision_id": "f2f5c320-1d3f-497a-8564-33020ad40b47",
            "role_arn": "arn:aws:iam::284244381060:role/ai_assistant_step_functions_role",
            "state_machine_version_arn": "",
            "status": "ACTIVE",
            "tags": {},
            "tags_all": {},
            "timeouts": null,
            "tracing_configuration": [
              {
                "enabled": false
              }
            ],
            "type": "EXPRESS",
            "version_description": null
          },
          "sensitive_attributes": [],
          "private": "eyJlMmJmYjczMC1lY2FhLTExZTYtOGY4OC0zNDM2M2JjN2M0YzAiOnsiY3JlYXRlIjozMDAwMDAwMDAwMDAsImRlbGV0ZSI6MzAwMDAwMDAwMDAwLCJ1cGRhdGUiOjYwMDAwMDAwMDAwfX0=",
          "dependencies": [
            "aws_appconfig_application.ai_assistant_app",
            "aws_appconfig_configuration_profile.model_selection_strategy",
            "aws_appconfig_environment.production",
            "aws_cloudwatch_log_group.sfn_log_group",
            "aws_cloudwatch_log_resource_policy.sfn_logging_policy",
            "aws_iam_role.lambda_role",
            "aws_iam_role.step_functions_role",
            "aws_lambda_function.ai_assistant_lambda",
            "aws_lambda_function.degradation_lambda",
            "aws_lambda_function.fallback_lambda",
            "data.archive_file.degradation_lambda_zip",
            "data.archive_file.fallback_lambda_zip",
            "data.archive_file.lambda_zip"
          ]
        }
      ]
    }
  ],
  "check_results": null
}
